
Microsoft Visual Studio Solution File, Format Version 12.00
# Visual Studio 2013
VisualStudioVersion = 12.0.40418.0
MinimumVisualStudioVersion = 10.0.40219.1
Project("{FAE04EC0-301F-11D3-BF4B-00C04F79EFBC}") = "SimpleMathsComparison", "SimpleMathsComparison\SimpleMathsComparison.csproj", "{AC58D185-13D1-40DD-BC53-F771C881BB32}"
EndProject
Project("{FAE04EC0-301F-11D3-BF4B-00C04F79EFBC}") = "AdvancedMathsComparison", "AdvancedMathsComparison\AdvancedMathsComparison.csproj", "{1D1718AA-2983-401F-9811-C31163C22322}"
EndProject
Project("{FAE04EC0-301F-11D3-BF4B-00C04F79EFBC}") = "SortAlgorithmsComparison", "SortAlgorithmsComparison\SortAlgorithmsComparison.csproj", "{3B86B6BD-EC7E-41F3-B24A-C8451618BE66}"
EndProject
Project("{FAE04EC0-301F-11D3-BF4B-00C04F79EFBC}") = "SolarSystem", "SolarSystem\SolarSystem.csproj", "{2F30E9AF-8256-40AF-B356-EA14E55CE9D7}"
EndProject
Project("{2150E333-8FDC-42A3-9474-1A3956D46DE8}") = "Solution Items", "Solution Items", "{BA5031CE-9FA6-41DC-BB39-9098A2950A4F}"
	ProjectSection(SolutionItems) = preProject
		..\..\..\..\..\..\Desktop\AFTER_SNAPSHOT.png = ..\..\..\..\..\..\Desktop\AFTER_SNAPSHOT.png
		..\..\..\..\..\..\Desktop\BEFORE_SNAPSHOT.png = ..\..\..\..\..\..\Desktop\BEFORE_SNAPSHOT.png
	EndProjectSection
EndProject
Global
	GlobalSection(SolutionConfigurationPlatforms) = preSolution
		Debug|Any CPU = Debug|Any CPU
		Release|Any CPU = Release|Any CPU
	EndGlobalSection
	GlobalSection(ProjectConfigurationPlatforms) = postSolution
		{AC58D185-13D1-40DD-BC53-F771C881BB32}.Debug|Any CPU.ActiveCfg = Debug|Any CPU
		{AC58D185-13D1-40DD-BC53-F771C881BB32}.Debug|Any CPU.Build.0 = Debug|Any CPU
		{AC58D185-13D1-40DD-BC53-F771C881BB32}.Release|Any CPU.ActiveCfg = Release|Any CPU
		{AC58D185-13D1-40DD-BC53-F771C881BB32}.Release|Any CPU.Build.0 = Release|Any CPU
		{1D1718AA-2983-401F-9811-C31163C22322}.Debug|Any CPU.ActiveCfg = Debug|Any CPU
		{1D1718AA-2983-401F-9811-C31163C22322}.Debug|Any CPU.Build.0 = Debug|Any CPU
		{1D1718AA-2983-401F-9811-C31163C22322}.Release|Any CPU.ActiveCfg = Release|Any CPU
		{1D1718AA-2983-401F-9811-C31163C22322}.Release|Any CPU.Build.0 = Release|Any CPU
		{3B86B6BD-EC7E-41F3-B24A-C8451618BE66}.Debug|Any CPU.ActiveCfg = Debug|Any CPU
		{3B86B6BD-EC7E-41F3-B24A-C8451618BE66}.Debug|Any CPU.Build.0 = Debug|Any CPU
		{3B86B6BD-EC7E-41F3-B24A-C8451618BE66}.Release|Any CPU.ActiveCfg = Release|Any CPU
		{3B86B6BD-EC7E-41F3-B24A-C8451618BE66}.Release|Any CPU.Build.0 = Release|Any CPU
		{2F30E9AF-8256-40AF-B356-EA14E55CE9D7}.Debug|Any CPU.ActiveCfg = Debug|Any CPU
		{2F30E9AF-8256-40AF-B356-EA14E55CE9D7}.Debug|Any CPU.Build.0 = Debug|Any CPU
		{2F30E9AF-8256-40AF-B356-EA14E55CE9D7}.Release|Any CPU.ActiveCfg = Release|Any CPU
		{2F30E9AF-8256-40AF-B356-EA14E55CE9D7}.Release|Any CPU.Build.0 = Release|Any CPU
	EndGlobalSection
	GlobalSection(SolutionProperties) = preSolution
		HideSolutionNode = FALSE
	EndGlobalSection
EndGlobal
