
Microsoft Visual Studio Solution File, Format Version 12.00
# Visual Studio 2013
VisualStudioVersion = 12.0.31101.0
MinimumVisualStudioVersion = 10.0.40219.1
Project("{FAE04EC0-301F-11D3-BF4B-00C04F79EFBC}") = "01-03. StudentClass", "01. StudentClass\01-03. StudentClass.csproj", "{729B29E1-450B-4368-82CD-FDF39140367D}"
EndProject
Project("{FAE04EC0-301F-11D3-BF4B-00C04F79EFBC}") = "04. PersonClass", "04. PersonClass\04. PersonClass.csproj", "{78731E05-0445-4205-AF90-D2592A08BE2C}"
EndProject
Project("{FAE04EC0-301F-11D3-BF4B-00C04F79EFBC}") = "05. 64BitArray", "05. 64BitArray\05. 64BitArray.csproj", "{8542DBCF-B7C0-4B88-9D55-F680B09D1452}"
EndProject
Project("{FAE04EC0-301F-11D3-BF4B-00C04F79EFBC}") = "06. BinarySearchTree", "06. BinarySearchTree\06. BinarySearchTree.csproj", "{52433020-A032-4345-BBF6-AB8E54BB0560}"
EndProject
Global
	GlobalSection(SolutionConfigurationPlatforms) = preSolution
		Debug|Any CPU = Debug|Any CPU
		Release|Any CPU = Release|Any CPU
	EndGlobalSection
	GlobalSection(ProjectConfigurationPlatforms) = postSolution
		{729B29E1-450B-4368-82CD-FDF39140367D}.Debug|Any CPU.ActiveCfg = Debug|Any CPU
		{729B29E1-450B-4368-82CD-FDF39140367D}.Debug|Any CPU.Build.0 = Debug|Any CPU
		{729B29E1-450B-4368-82CD-FDF39140367D}.Release|Any CPU.ActiveCfg = Release|Any CPU
		{729B29E1-450B-4368-82CD-FDF39140367D}.Release|Any CPU.Build.0 = Release|Any CPU
		{78731E05-0445-4205-AF90-D2592A08BE2C}.Debug|Any CPU.ActiveCfg = Debug|Any CPU
		{78731E05-0445-4205-AF90-D2592A08BE2C}.Debug|Any CPU.Build.0 = Debug|Any CPU
		{78731E05-0445-4205-AF90-D2592A08BE2C}.Release|Any CPU.ActiveCfg = Release|Any CPU
		{78731E05-0445-4205-AF90-D2592A08BE2C}.Release|Any CPU.Build.0 = Release|Any CPU
		{8542DBCF-B7C0-4B88-9D55-F680B09D1452}.Debug|Any CPU.ActiveCfg = Debug|Any CPU
		{8542DBCF-B7C0-4B88-9D55-F680B09D1452}.Debug|Any CPU.Build.0 = Debug|Any CPU
		{8542DBCF-B7C0-4B88-9D55-F680B09D1452}.Release|Any CPU.ActiveCfg = Release|Any CPU
		{8542DBCF-B7C0-4B88-9D55-F680B09D1452}.Release|Any CPU.Build.0 = Release|Any CPU
		{52433020-A032-4345-BBF6-AB8E54BB0560}.Debug|Any CPU.ActiveCfg = Debug|Any CPU
		{52433020-A032-4345-BBF6-AB8E54BB0560}.Debug|Any CPU.Build.0 = Debug|Any CPU
		{52433020-A032-4345-BBF6-AB8E54BB0560}.Release|Any CPU.ActiveCfg = Release|Any CPU
		{52433020-A032-4345-BBF6-AB8E54BB0560}.Release|Any CPU.Build.0 = Release|Any CPU
	EndGlobalSection
	GlobalSection(SolutionProperties) = preSolution
		HideSolutionNode = FALSE
	EndGlobalSection
EndGlobal
