
Microsoft Visual Studio Solution File, Format Version 12.00
# Visual Studio 2013
VisualStudioVersion = 12.0.31101.0
MinimumVisualStudioVersion = 10.0.40219.1
Project("{FAE04EC0-301F-11D3-BF4B-00C04F79EFBC}") = "MultiverseCommunication", "MultiverseCommunication\MultiverseCommunication.csproj", "{EBF5E8E1-6020-46B5-9DFB-653354920122}"
EndProject
Project("{FAE04EC0-301F-11D3-BF4B-00C04F79EFBC}") = "MagicWords", "MagicWords\MagicWords.csproj", "{9AC750C3-1003-4E62-8973-9CEE09BE413A}"
EndProject
Project("{FAE04EC0-301F-11D3-BF4B-00C04F79EFBC}") = "FeaturingWithGrisko", "FeaturingWithGrisko\FeaturingWithGrisko.csproj", "{A8251BD1-FBF5-4DA1-B307-69D2E3C038C8}"
EndProject
Project("{FAE04EC0-301F-11D3-BF4B-00C04F79EFBC}") = "DecodeAndDecrypt", "DecodeAndDecrypt\DecodeAndDecrypt.csproj", "{84C01A86-8CE5-49F7-82E9-7437AC7A3635}"
EndProject
Project("{FAE04EC0-301F-11D3-BF4B-00C04F79EFBC}") = "Tubes", "Tubes\Tubes.csproj", "{0DDF3100-E8A8-47B6-A32C-4F88B3E83EBE}"
EndProject
Project("{FAE04EC0-301F-11D3-BF4B-00C04F79EFBC}") = "Brackets", "Brackets\Brackets.csproj", "{A32F53AA-E572-482F-90EB-664BF8AAE83F}"
EndProject
Project("{FAE04EC0-301F-11D3-BF4B-00C04F79EFBC}") = "PHPVariables", "PHPVariables\PHPVariables.csproj", "{7541E070-6182-4C5A-97B7-879FA2F4F33E}"
EndProject
Project("{FAE04EC0-301F-11D3-BF4B-00C04F79EFBC}") = "Guitar", "Guitar\Guitar.csproj", "{E78E0699-BC65-4629-8C2E-F93DF4E190D7}"
EndProject
Project("{FAE04EC0-301F-11D3-BF4B-00C04F79EFBC}") = "Indices", "Indices\Indices.csproj", "{8EA48928-9FD3-422F-AEE1-7A5CD8EA33A7}"
EndProject
Project("{FAE04EC0-301F-11D3-BF4B-00C04F79EFBC}") = "9GagNumbers", "9GagNumbers\9GagNumbers.csproj", "{4E81F806-474B-4F54-9B75-27AAC915D7A4}"
EndProject
Project("{FAE04EC0-301F-11D3-BF4B-00C04F79EFBC}") = "SpecialValue", "SpecialValue\SpecialValue.csproj", "{85E839B4-7B83-45AC-874F-27392724BB59}"
EndProject
Project("{FAE04EC0-301F-11D3-BF4B-00C04F79EFBC}") = "PHPVariables_2.0", "PHPVariables_2.0\PHPVariables_2.0.csproj", "{8D67DDEA-DAEB-475F-AAAF-30B4424D9278}"
EndProject
Project("{FAE04EC0-301F-11D3-BF4B-00C04F79EFBC}") = "KukataIsDancing", "KukataIsDancing\KukataIsDancing.csproj", "{07F382C1-8D07-4EA8-A347-7544A15A9151}"
EndProject
Project("{FAE04EC0-301F-11D3-BF4B-00C04F79EFBC}") = "FTML", "FTML\FTML.csproj", "{F04B7864-B965-40E3-9CB7-FD81957CD23B}"
EndProject
Project("{FAE04EC0-301F-11D3-BF4B-00C04F79EFBC}") = "ThreeInOne", "ThreeInOne\ThreeInOne.csproj", "{0D1315D1-9C17-4B74-B480-6B1E8E3083E6}"
EndProject
Project("{FAE04EC0-301F-11D3-BF4B-00C04F79EFBC}") = "StrangeLandNumbers", "StrangeLandNumbers\StrangeLandNumbers.csproj", "{9B3D483C-66B6-4FE6-BEDE-FFAF9748380A}"
EndProject
Project("{FAE04EC0-301F-11D3-BF4B-00C04F79EFBC}") = "TwoGirlsOnePath", "TwoGirlsOnePath\TwoGirlsOnePath.csproj", "{79C43E85-9819-47D4-9444-2B4B19D2D4CF}"
EndProject
Project("{FAE04EC0-301F-11D3-BF4B-00C04F79EFBC}") = "Digits", "Digits\Digits.csproj", "{B493194E-1B46-4BF7-AF2D-38F38AD3FC44}"
EndProject
Project("{FAE04EC0-301F-11D3-BF4B-00C04F79EFBC}") = "RelevanceIndex", "RelevanceIndex\RelevanceIndex.csproj", "{19F912E8-D951-4C63-926E-B46637CDE07E}"
EndProject
Project("{FAE04EC0-301F-11D3-BF4B-00C04F79EFBC}") = "DogeCoins", "DogeCoins\DogeCoins.csproj", "{EFEBF88A-F972-4F4A-91FB-3B1258E13E35}"
EndProject
Project("{FAE04EC0-301F-11D3-BF4B-00C04F79EFBC}") = "TRES4Numbers", "TRES4Numbers\TRES4Numbers.csproj", "{8735DF2B-E1AB-4D7C-BB1E-3DCDB8259AF6}"
EndProject
Project("{FAE04EC0-301F-11D3-BF4B-00C04F79EFBC}") = "BunnyFactory", "BunnyFactory\BunnyFactory.csproj", "{A772CBFA-3511-43BD-A7FD-091DCF1D61D8}"
EndProject
Project("{FAE04EC0-301F-11D3-BF4B-00C04F79EFBC}") = "Patterns", "Patterns\Patterns.csproj", "{5A175A59-63DD-4E1C-8E0F-2797A36A4F4D}"
EndProject
Project("{FAE04EC0-301F-11D3-BF4B-00C04F79EFBC}") = "VariableLengthCodes", "VariableLengthCodes\VariableLengthCodes.csproj", "{6B0EAE8D-7CF8-4EB5-8149-B9AD04541817}"
EndProject
Project("{FAE04EC0-301F-11D3-BF4B-00C04F79EFBC}") = "HelpDoge", "HelpDoge\HelpDoge.csproj", "{A824397B-0D9D-4799-A6C8-BA1D4E3E8202}"
EndProject
Project("{FAE04EC0-301F-11D3-BF4B-00C04F79EFBC}") = "Zerg!!!", "Zerg!!!\Zerg!!!.csproj", "{7D298E79-CB81-422C-B4DD-55BB7432A86D}"
EndProject
Project("{FAE04EC0-301F-11D3-BF4B-00C04F79EFBC}") = "MovingLetters", "MovingLetters\MovingLetters.csproj", "{2FF5B495-0C62-44DD-826D-87FBF0D1928F}"
EndProject
Project("{FAE04EC0-301F-11D3-BF4B-00C04F79EFBC}") = "Trails3D", "Trails3D\Trails3D.csproj", "{914BC5AF-9450-40AA-A806-D2F54F753ADD}"
EndProject
Project("{FAE04EC0-301F-11D3-BF4B-00C04F79EFBC}") = "EncodeAndEncrypt", "EncodeAndEncrypt\EncodeAndEncrypt.csproj", "{72DF2161-EED4-4170-A335-DD7DDC7EB954}"
EndProject
Project("{FAE04EC0-301F-11D3-BF4B-00C04F79EFBC}") = "TheyAreGreen", "TheyAreGreen\TheyAreGreen.csproj", "{DFE6BB28-6C21-4D66-A1FA-619E2EDF3B25}"
EndProject
Project("{FAE04EC0-301F-11D3-BF4B-00C04F79EFBC}") = "DurankulakNumbers", "DurankulakNumbers\DurankulakNumbers.csproj", "{2070EBBB-C35C-472F-A3F7-62F3CAF3FE69}"
EndProject
Project("{FAE04EC0-301F-11D3-BF4B-00C04F79EFBC}") = "JoroTheRabbit", "JoroTheRabbit\JoroTheRabbit.csproj", "{F909C0E7-81A3-46C4-8C3C-04B69E7CF457}"
EndProject
Project("{FAE04EC0-301F-11D3-BF4B-00C04F79EFBC}") = "Laser", "Laser\Laser.csproj", "{8019A1FC-DBB6-426B-BFE3-145B44A490BE}"
EndProject
Project("{FAE04EC0-301F-11D3-BF4B-00C04F79EFBC}") = "CSharpBrackets", "CSharpBrackets\CSharpBrackets.csproj", "{BC9080AF-C496-4FB5-B7E2-A572182125B2}"
EndProject
Project("{FAE04EC0-301F-11D3-BF4B-00C04F79EFBC}") = "TwoIsBetterThanOne", "TwoIsBetterThanOne\TwoIsBetterThanOne.csproj", "{4821C235-AD08-4474-9351-E4B20331C4E6}"
EndProject
Project("{FAE04EC0-301F-11D3-BF4B-00C04F79EFBC}") = "KaspichanNumbers", "KaspichanNumbers\KaspichanNumbers.csproj", "{A74529CE-87E8-46FE-B697-B20826A6A13F}"
EndProject
Project("{FAE04EC0-301F-11D3-BF4B-00C04F79EFBC}") = "GreedyDwarf", "GreedyDwarf\GreedyDwarf.csproj", "{85D60F7B-B039-4FE7-87D5-6958DBA50056}"
EndProject
Global
	GlobalSection(SolutionConfigurationPlatforms) = preSolution
		Debug|Any CPU = Debug|Any CPU
		Release|Any CPU = Release|Any CPU
	EndGlobalSection
	GlobalSection(ProjectConfigurationPlatforms) = postSolution
		{EBF5E8E1-6020-46B5-9DFB-653354920122}.Debug|Any CPU.ActiveCfg = Debug|Any CPU
		{EBF5E8E1-6020-46B5-9DFB-653354920122}.Debug|Any CPU.Build.0 = Debug|Any CPU
		{EBF5E8E1-6020-46B5-9DFB-653354920122}.Release|Any CPU.ActiveCfg = Release|Any CPU
		{EBF5E8E1-6020-46B5-9DFB-653354920122}.Release|Any CPU.Build.0 = Release|Any CPU
		{9AC750C3-1003-4E62-8973-9CEE09BE413A}.Debug|Any CPU.ActiveCfg = Debug|Any CPU
		{9AC750C3-1003-4E62-8973-9CEE09BE413A}.Debug|Any CPU.Build.0 = Debug|Any CPU
		{9AC750C3-1003-4E62-8973-9CEE09BE413A}.Release|Any CPU.ActiveCfg = Release|Any CPU
		{9AC750C3-1003-4E62-8973-9CEE09BE413A}.Release|Any CPU.Build.0 = Release|Any CPU
		{A8251BD1-FBF5-4DA1-B307-69D2E3C038C8}.Debug|Any CPU.ActiveCfg = Debug|Any CPU
		{A8251BD1-FBF5-4DA1-B307-69D2E3C038C8}.Debug|Any CPU.Build.0 = Debug|Any CPU
		{A8251BD1-FBF5-4DA1-B307-69D2E3C038C8}.Release|Any CPU.ActiveCfg = Release|Any CPU
		{A8251BD1-FBF5-4DA1-B307-69D2E3C038C8}.Release|Any CPU.Build.0 = Release|Any CPU
		{84C01A86-8CE5-49F7-82E9-7437AC7A3635}.Debug|Any CPU.ActiveCfg = Debug|Any CPU
		{84C01A86-8CE5-49F7-82E9-7437AC7A3635}.Debug|Any CPU.Build.0 = Debug|Any CPU
		{84C01A86-8CE5-49F7-82E9-7437AC7A3635}.Release|Any CPU.ActiveCfg = Release|Any CPU
		{84C01A86-8CE5-49F7-82E9-7437AC7A3635}.Release|Any CPU.Build.0 = Release|Any CPU
		{0DDF3100-E8A8-47B6-A32C-4F88B3E83EBE}.Debug|Any CPU.ActiveCfg = Debug|Any CPU
		{0DDF3100-E8A8-47B6-A32C-4F88B3E83EBE}.Debug|Any CPU.Build.0 = Debug|Any CPU
		{0DDF3100-E8A8-47B6-A32C-4F88B3E83EBE}.Release|Any CPU.ActiveCfg = Release|Any CPU
		{0DDF3100-E8A8-47B6-A32C-4F88B3E83EBE}.Release|Any CPU.Build.0 = Release|Any CPU
		{A32F53AA-E572-482F-90EB-664BF8AAE83F}.Debug|Any CPU.ActiveCfg = Debug|Any CPU
		{A32F53AA-E572-482F-90EB-664BF8AAE83F}.Debug|Any CPU.Build.0 = Debug|Any CPU
		{A32F53AA-E572-482F-90EB-664BF8AAE83F}.Release|Any CPU.ActiveCfg = Release|Any CPU
		{A32F53AA-E572-482F-90EB-664BF8AAE83F}.Release|Any CPU.Build.0 = Release|Any CPU
		{7541E070-6182-4C5A-97B7-879FA2F4F33E}.Debug|Any CPU.ActiveCfg = Debug|Any CPU
		{7541E070-6182-4C5A-97B7-879FA2F4F33E}.Debug|Any CPU.Build.0 = Debug|Any CPU
		{7541E070-6182-4C5A-97B7-879FA2F4F33E}.Release|Any CPU.ActiveCfg = Release|Any CPU
		{7541E070-6182-4C5A-97B7-879FA2F4F33E}.Release|Any CPU.Build.0 = Release|Any CPU
		{E78E0699-BC65-4629-8C2E-F93DF4E190D7}.Debug|Any CPU.ActiveCfg = Debug|Any CPU
		{E78E0699-BC65-4629-8C2E-F93DF4E190D7}.Debug|Any CPU.Build.0 = Debug|Any CPU
		{E78E0699-BC65-4629-8C2E-F93DF4E190D7}.Release|Any CPU.ActiveCfg = Release|Any CPU
		{E78E0699-BC65-4629-8C2E-F93DF4E190D7}.Release|Any CPU.Build.0 = Release|Any CPU
		{8EA48928-9FD3-422F-AEE1-7A5CD8EA33A7}.Debug|Any CPU.ActiveCfg = Debug|Any CPU
		{8EA48928-9FD3-422F-AEE1-7A5CD8EA33A7}.Debug|Any CPU.Build.0 = Debug|Any CPU
		{8EA48928-9FD3-422F-AEE1-7A5CD8EA33A7}.Release|Any CPU.ActiveCfg = Release|Any CPU
		{8EA48928-9FD3-422F-AEE1-7A5CD8EA33A7}.Release|Any CPU.Build.0 = Release|Any CPU
		{4E81F806-474B-4F54-9B75-27AAC915D7A4}.Debug|Any CPU.ActiveCfg = Debug|Any CPU
		{4E81F806-474B-4F54-9B75-27AAC915D7A4}.Debug|Any CPU.Build.0 = Debug|Any CPU
		{4E81F806-474B-4F54-9B75-27AAC915D7A4}.Release|Any CPU.ActiveCfg = Release|Any CPU
		{4E81F806-474B-4F54-9B75-27AAC915D7A4}.Release|Any CPU.Build.0 = Release|Any CPU
		{85E839B4-7B83-45AC-874F-27392724BB59}.Debug|Any CPU.ActiveCfg = Debug|Any CPU
		{85E839B4-7B83-45AC-874F-27392724BB59}.Debug|Any CPU.Build.0 = Debug|Any CPU
		{85E839B4-7B83-45AC-874F-27392724BB59}.Release|Any CPU.ActiveCfg = Release|Any CPU
		{85E839B4-7B83-45AC-874F-27392724BB59}.Release|Any CPU.Build.0 = Release|Any CPU
		{8D67DDEA-DAEB-475F-AAAF-30B4424D9278}.Debug|Any CPU.ActiveCfg = Debug|Any CPU
		{8D67DDEA-DAEB-475F-AAAF-30B4424D9278}.Debug|Any CPU.Build.0 = Debug|Any CPU
		{8D67DDEA-DAEB-475F-AAAF-30B4424D9278}.Release|Any CPU.ActiveCfg = Release|Any CPU
		{8D67DDEA-DAEB-475F-AAAF-30B4424D9278}.Release|Any CPU.Build.0 = Release|Any CPU
		{07F382C1-8D07-4EA8-A347-7544A15A9151}.Debug|Any CPU.ActiveCfg = Debug|Any CPU
		{07F382C1-8D07-4EA8-A347-7544A15A9151}.Debug|Any CPU.Build.0 = Debug|Any CPU
		{07F382C1-8D07-4EA8-A347-7544A15A9151}.Release|Any CPU.ActiveCfg = Release|Any CPU
		{07F382C1-8D07-4EA8-A347-7544A15A9151}.Release|Any CPU.Build.0 = Release|Any CPU
		{F04B7864-B965-40E3-9CB7-FD81957CD23B}.Debug|Any CPU.ActiveCfg = Debug|Any CPU
		{F04B7864-B965-40E3-9CB7-FD81957CD23B}.Debug|Any CPU.Build.0 = Debug|Any CPU
		{F04B7864-B965-40E3-9CB7-FD81957CD23B}.Release|Any CPU.ActiveCfg = Release|Any CPU
		{F04B7864-B965-40E3-9CB7-FD81957CD23B}.Release|Any CPU.Build.0 = Release|Any CPU
		{0D1315D1-9C17-4B74-B480-6B1E8E3083E6}.Debug|Any CPU.ActiveCfg = Debug|Any CPU
		{0D1315D1-9C17-4B74-B480-6B1E8E3083E6}.Debug|Any CPU.Build.0 = Debug|Any CPU
		{0D1315D1-9C17-4B74-B480-6B1E8E3083E6}.Release|Any CPU.ActiveCfg = Release|Any CPU
		{0D1315D1-9C17-4B74-B480-6B1E8E3083E6}.Release|Any CPU.Build.0 = Release|Any CPU
		{9B3D483C-66B6-4FE6-BEDE-FFAF9748380A}.Debug|Any CPU.ActiveCfg = Debug|Any CPU
		{9B3D483C-66B6-4FE6-BEDE-FFAF9748380A}.Debug|Any CPU.Build.0 = Debug|Any CPU
		{9B3D483C-66B6-4FE6-BEDE-FFAF9748380A}.Release|Any CPU.ActiveCfg = Release|Any CPU
		{9B3D483C-66B6-4FE6-BEDE-FFAF9748380A}.Release|Any CPU.Build.0 = Release|Any CPU
		{79C43E85-9819-47D4-9444-2B4B19D2D4CF}.Debug|Any CPU.ActiveCfg = Debug|Any CPU
		{79C43E85-9819-47D4-9444-2B4B19D2D4CF}.Debug|Any CPU.Build.0 = Debug|Any CPU
		{79C43E85-9819-47D4-9444-2B4B19D2D4CF}.Release|Any CPU.ActiveCfg = Release|Any CPU
		{79C43E85-9819-47D4-9444-2B4B19D2D4CF}.Release|Any CPU.Build.0 = Release|Any CPU
		{B493194E-1B46-4BF7-AF2D-38F38AD3FC44}.Debug|Any CPU.ActiveCfg = Debug|Any CPU
		{B493194E-1B46-4BF7-AF2D-38F38AD3FC44}.Debug|Any CPU.Build.0 = Debug|Any CPU
		{B493194E-1B46-4BF7-AF2D-38F38AD3FC44}.Release|Any CPU.ActiveCfg = Release|Any CPU
		{B493194E-1B46-4BF7-AF2D-38F38AD3FC44}.Release|Any CPU.Build.0 = Release|Any CPU
		{19F912E8-D951-4C63-926E-B46637CDE07E}.Debug|Any CPU.ActiveCfg = Debug|Any CPU
		{19F912E8-D951-4C63-926E-B46637CDE07E}.Debug|Any CPU.Build.0 = Debug|Any CPU
		{19F912E8-D951-4C63-926E-B46637CDE07E}.Release|Any CPU.ActiveCfg = Release|Any CPU
		{19F912E8-D951-4C63-926E-B46637CDE07E}.Release|Any CPU.Build.0 = Release|Any CPU
		{EFEBF88A-F972-4F4A-91FB-3B1258E13E35}.Debug|Any CPU.ActiveCfg = Debug|Any CPU
		{EFEBF88A-F972-4F4A-91FB-3B1258E13E35}.Debug|Any CPU.Build.0 = Debug|Any CPU
		{EFEBF88A-F972-4F4A-91FB-3B1258E13E35}.Release|Any CPU.ActiveCfg = Release|Any CPU
		{EFEBF88A-F972-4F4A-91FB-3B1258E13E35}.Release|Any CPU.Build.0 = Release|Any CPU
		{8735DF2B-E1AB-4D7C-BB1E-3DCDB8259AF6}.Debug|Any CPU.ActiveCfg = Debug|Any CPU
		{8735DF2B-E1AB-4D7C-BB1E-3DCDB8259AF6}.Debug|Any CPU.Build.0 = Debug|Any CPU
		{8735DF2B-E1AB-4D7C-BB1E-3DCDB8259AF6}.Release|Any CPU.ActiveCfg = Release|Any CPU
		{8735DF2B-E1AB-4D7C-BB1E-3DCDB8259AF6}.Release|Any CPU.Build.0 = Release|Any CPU
		{A772CBFA-3511-43BD-A7FD-091DCF1D61D8}.Debug|Any CPU.ActiveCfg = Debug|Any CPU
		{A772CBFA-3511-43BD-A7FD-091DCF1D61D8}.Debug|Any CPU.Build.0 = Debug|Any CPU
		{A772CBFA-3511-43BD-A7FD-091DCF1D61D8}.Release|Any CPU.ActiveCfg = Release|Any CPU
		{A772CBFA-3511-43BD-A7FD-091DCF1D61D8}.Release|Any CPU.Build.0 = Release|Any CPU
		{5A175A59-63DD-4E1C-8E0F-2797A36A4F4D}.Debug|Any CPU.ActiveCfg = Debug|Any CPU
		{5A175A59-63DD-4E1C-8E0F-2797A36A4F4D}.Debug|Any CPU.Build.0 = Debug|Any CPU
		{5A175A59-63DD-4E1C-8E0F-2797A36A4F4D}.Release|Any CPU.ActiveCfg = Release|Any CPU
		{5A175A59-63DD-4E1C-8E0F-2797A36A4F4D}.Release|Any CPU.Build.0 = Release|Any CPU
		{6B0EAE8D-7CF8-4EB5-8149-B9AD04541817}.Debug|Any CPU.ActiveCfg = Debug|Any CPU
		{6B0EAE8D-7CF8-4EB5-8149-B9AD04541817}.Debug|Any CPU.Build.0 = Debug|Any CPU
		{6B0EAE8D-7CF8-4EB5-8149-B9AD04541817}.Release|Any CPU.ActiveCfg = Release|Any CPU
		{6B0EAE8D-7CF8-4EB5-8149-B9AD04541817}.Release|Any CPU.Build.0 = Release|Any CPU
		{A824397B-0D9D-4799-A6C8-BA1D4E3E8202}.Debug|Any CPU.ActiveCfg = Debug|Any CPU
		{A824397B-0D9D-4799-A6C8-BA1D4E3E8202}.Debug|Any CPU.Build.0 = Debug|Any CPU
		{A824397B-0D9D-4799-A6C8-BA1D4E3E8202}.Release|Any CPU.ActiveCfg = Release|Any CPU
		{A824397B-0D9D-4799-A6C8-BA1D4E3E8202}.Release|Any CPU.Build.0 = Release|Any CPU
		{7D298E79-CB81-422C-B4DD-55BB7432A86D}.Debug|Any CPU.ActiveCfg = Debug|Any CPU
		{7D298E79-CB81-422C-B4DD-55BB7432A86D}.Debug|Any CPU.Build.0 = Debug|Any CPU
		{7D298E79-CB81-422C-B4DD-55BB7432A86D}.Release|Any CPU.ActiveCfg = Release|Any CPU
		{7D298E79-CB81-422C-B4DD-55BB7432A86D}.Release|Any CPU.Build.0 = Release|Any CPU
		{2FF5B495-0C62-44DD-826D-87FBF0D1928F}.Debug|Any CPU.ActiveCfg = Debug|Any CPU
		{2FF5B495-0C62-44DD-826D-87FBF0D1928F}.Debug|Any CPU.Build.0 = Debug|Any CPU
		{2FF5B495-0C62-44DD-826D-87FBF0D1928F}.Release|Any CPU.ActiveCfg = Release|Any CPU
		{2FF5B495-0C62-44DD-826D-87FBF0D1928F}.Release|Any CPU.Build.0 = Release|Any CPU
		{914BC5AF-9450-40AA-A806-D2F54F753ADD}.Debug|Any CPU.ActiveCfg = Debug|Any CPU
		{914BC5AF-9450-40AA-A806-D2F54F753ADD}.Debug|Any CPU.Build.0 = Debug|Any CPU
		{914BC5AF-9450-40AA-A806-D2F54F753ADD}.Release|Any CPU.ActiveCfg = Release|Any CPU
		{914BC5AF-9450-40AA-A806-D2F54F753ADD}.Release|Any CPU.Build.0 = Release|Any CPU
		{72DF2161-EED4-4170-A335-DD7DDC7EB954}.Debug|Any CPU.ActiveCfg = Debug|Any CPU
		{72DF2161-EED4-4170-A335-DD7DDC7EB954}.Debug|Any CPU.Build.0 = Debug|Any CPU
		{72DF2161-EED4-4170-A335-DD7DDC7EB954}.Release|Any CPU.ActiveCfg = Release|Any CPU
		{72DF2161-EED4-4170-A335-DD7DDC7EB954}.Release|Any CPU.Build.0 = Release|Any CPU
		{DFE6BB28-6C21-4D66-A1FA-619E2EDF3B25}.Debug|Any CPU.ActiveCfg = Debug|Any CPU
		{DFE6BB28-6C21-4D66-A1FA-619E2EDF3B25}.Debug|Any CPU.Build.0 = Debug|Any CPU
		{DFE6BB28-6C21-4D66-A1FA-619E2EDF3B25}.Release|Any CPU.ActiveCfg = Release|Any CPU
		{DFE6BB28-6C21-4D66-A1FA-619E2EDF3B25}.Release|Any CPU.Build.0 = Release|Any CPU
		{2070EBBB-C35C-472F-A3F7-62F3CAF3FE69}.Debug|Any CPU.ActiveCfg = Debug|Any CPU
		{2070EBBB-C35C-472F-A3F7-62F3CAF3FE69}.Debug|Any CPU.Build.0 = Debug|Any CPU
		{2070EBBB-C35C-472F-A3F7-62F3CAF3FE69}.Release|Any CPU.ActiveCfg = Release|Any CPU
		{2070EBBB-C35C-472F-A3F7-62F3CAF3FE69}.Release|Any CPU.Build.0 = Release|Any CPU
		{F909C0E7-81A3-46C4-8C3C-04B69E7CF457}.Debug|Any CPU.ActiveCfg = Debug|Any CPU
		{F909C0E7-81A3-46C4-8C3C-04B69E7CF457}.Debug|Any CPU.Build.0 = Debug|Any CPU
		{F909C0E7-81A3-46C4-8C3C-04B69E7CF457}.Release|Any CPU.ActiveCfg = Release|Any CPU
		{F909C0E7-81A3-46C4-8C3C-04B69E7CF457}.Release|Any CPU.Build.0 = Release|Any CPU
		{8019A1FC-DBB6-426B-BFE3-145B44A490BE}.Debug|Any CPU.ActiveCfg = Debug|Any CPU
		{8019A1FC-DBB6-426B-BFE3-145B44A490BE}.Debug|Any CPU.Build.0 = Debug|Any CPU
		{8019A1FC-DBB6-426B-BFE3-145B44A490BE}.Release|Any CPU.ActiveCfg = Release|Any CPU
		{8019A1FC-DBB6-426B-BFE3-145B44A490BE}.Release|Any CPU.Build.0 = Release|Any CPU
		{BC9080AF-C496-4FB5-B7E2-A572182125B2}.Debug|Any CPU.ActiveCfg = Debug|Any CPU
		{BC9080AF-C496-4FB5-B7E2-A572182125B2}.Debug|Any CPU.Build.0 = Debug|Any CPU
		{BC9080AF-C496-4FB5-B7E2-A572182125B2}.Release|Any CPU.ActiveCfg = Release|Any CPU
		{BC9080AF-C496-4FB5-B7E2-A572182125B2}.Release|Any CPU.Build.0 = Release|Any CPU
		{4821C235-AD08-4474-9351-E4B20331C4E6}.Debug|Any CPU.ActiveCfg = Debug|Any CPU
		{4821C235-AD08-4474-9351-E4B20331C4E6}.Debug|Any CPU.Build.0 = Debug|Any CPU
		{4821C235-AD08-4474-9351-E4B20331C4E6}.Release|Any CPU.ActiveCfg = Release|Any CPU
		{4821C235-AD08-4474-9351-E4B20331C4E6}.Release|Any CPU.Build.0 = Release|Any CPU
		{A74529CE-87E8-46FE-B697-B20826A6A13F}.Debug|Any CPU.ActiveCfg = Debug|Any CPU
		{A74529CE-87E8-46FE-B697-B20826A6A13F}.Debug|Any CPU.Build.0 = Debug|Any CPU
		{A74529CE-87E8-46FE-B697-B20826A6A13F}.Release|Any CPU.ActiveCfg = Release|Any CPU
		{A74529CE-87E8-46FE-B697-B20826A6A13F}.Release|Any CPU.Build.0 = Release|Any CPU
		{85D60F7B-B039-4FE7-87D5-6958DBA50056}.Debug|Any CPU.ActiveCfg = Debug|Any CPU
		{85D60F7B-B039-4FE7-87D5-6958DBA50056}.Debug|Any CPU.Build.0 = Debug|Any CPU
		{85D60F7B-B039-4FE7-87D5-6958DBA50056}.Release|Any CPU.ActiveCfg = Release|Any CPU
		{85D60F7B-B039-4FE7-87D5-6958DBA50056}.Release|Any CPU.Build.0 = Release|Any CPU
	EndGlobalSection
	GlobalSection(SolutionProperties) = preSolution
		HideSolutionNode = FALSE
	EndGlobalSection
EndGlobal
