
Microsoft Visual Studio Solution File, Format Version 12.00
# Visual Studio 2013
VisualStudioVersion = 12.0.40418.0
MinimumVisualStudioVersion = 10.0.40219.1
Project("{FAE04EC0-301F-11D3-BF4B-00C04F79EFBC}") = "Assertions", "01. Assertions\Assertions.csproj", "{F02380A8-E301-4268-978E-7F329495F140}"
EndProject
Project("{FAE04EC0-301F-11D3-BF4B-00C04F79EFBC}") = "Exceptions", "02. Exceptions\Exceptions.csproj", "{A22DB8B2-DBB6-4237-B6B9-B745997CD85A}"
EndProject
Global
	GlobalSection(SolutionConfigurationPlatforms) = preSolution
		Debug|Any CPU = Debug|Any CPU
		Release|Any CPU = Release|Any CPU
	EndGlobalSection
	GlobalSection(ProjectConfigurationPlatforms) = postSolution
		{F02380A8-E301-4268-978E-7F329495F140}.Debug|Any CPU.ActiveCfg = Debug|Any CPU
		{F02380A8-E301-4268-978E-7F329495F140}.Debug|Any CPU.Build.0 = Debug|Any CPU
		{F02380A8-E301-4268-978E-7F329495F140}.Release|Any CPU.ActiveCfg = Release|Any CPU
		{F02380A8-E301-4268-978E-7F329495F140}.Release|Any CPU.Build.0 = Release|Any CPU
		{A22DB8B2-DBB6-4237-B6B9-B745997CD85A}.Debug|Any CPU.ActiveCfg = Debug|Any CPU
		{A22DB8B2-DBB6-4237-B6B9-B745997CD85A}.Debug|Any CPU.Build.0 = Debug|Any CPU
		{A22DB8B2-DBB6-4237-B6B9-B745997CD85A}.Release|Any CPU.ActiveCfg = Release|Any CPU
		{A22DB8B2-DBB6-4237-B6B9-B745997CD85A}.Release|Any CPU.Build.0 = Release|Any CPU
	EndGlobalSection
	GlobalSection(SolutionProperties) = preSolution
		HideSolutionNode = FALSE
	EndGlobalSection
EndGlobal
