
Microsoft Visual Studio Solution File, Format Version 12.00
# Visual Studio 2013
VisualStudioVersion = 12.0.31101.0
MinimumVisualStudioVersion = 10.0.40219.1
Project("{FAE04EC0-301F-11D3-BF4B-00C04F79EFBC}") = "2-4-8", "2-4-8\2-4-8.csproj", "{081C5880-CFE4-41DF-B7D9-114EC1A3922F}"
EndProject
Project("{FAE04EC0-301F-11D3-BF4B-00C04F79EFBC}") = "3-6-9", "3-6-9\3-6-9.csproj", "{F5163D95-53DF-4F64-8985-02D21CF04017}"
EndProject
Project("{FAE04EC0-301F-11D3-BF4B-00C04F79EFBC}") = "A-nacci", "A-nacci\A-nacci.csproj", "{4515FF3F-BDB1-4152-9B9D-BA9BF7913FDF}"
EndProject
Project("{FAE04EC0-301F-11D3-BF4B-00C04F79EFBC}") = "AngryBits", "AngryBits\AngryBits.csproj", "{9E261585-EDA4-408B-BD82-C80C7D1014BA}"
EndProject
Project("{FAE04EC0-301F-11D3-BF4B-00C04F79EFBC}") = "BitBall", "BitBall\BitBall.csproj", "{A9AF7A5A-811B-445F-98EC-FB8CDF40F441}"
EndProject
Project("{FAE04EC0-301F-11D3-BF4B-00C04F79EFBC}") = "Bittris", "Bittris\Bittris.csproj", "{3BBC10CC-A46B-4170-A02E-383D0666943B}"
EndProject
Project("{FAE04EC0-301F-11D3-BF4B-00C04F79EFBC}") = "BullsAndCows", "BullsAndCows\BullsAndCows.csproj", "{66E41420-CFF6-4EDF-89A5-56533FC72C8F}"
EndProject
Project("{FAE04EC0-301F-11D3-BF4B-00C04F79EFBC}") = "Carpets", "Carpets\Carpets.csproj", "{5EE1E883-1710-4C22-A95D-521B436244DB}"
EndProject
Project("{FAE04EC0-301F-11D3-BF4B-00C04F79EFBC}") = "DiamondTrolls", "DiamondTrolls\DiamondTrolls.csproj", "{D1584B6C-397B-4172-A6DA-6E623785D518}"
EndProject
Project("{FAE04EC0-301F-11D3-BF4B-00C04F79EFBC}") = "Eggcelent", "Eggcelent\Eggcelent.csproj", "{F6FF1F85-2E3A-4CF6-B786-2846E63460FE}"
EndProject
Project("{FAE04EC0-301F-11D3-BF4B-00C04F79EFBC}") = "Enigmanation", "Enigmanation\Enigmanation.csproj", "{8E2B88C9-88C8-43E7-873A-E287AFDB3D91}"
EndProject
Project("{FAE04EC0-301F-11D3-BF4B-00C04F79EFBC}") = "ExcelColumns", "ExcelColumns\ExcelColumns.csproj", "{FEB1CEBD-CA01-4EED-BEC3-F75B8C97B98A}"
EndProject
Project("{FAE04EC0-301F-11D3-BF4B-00C04F79EFBC}") = "FallDown", "FallDown\FallDown.csproj", "{DE8D4D03-E54E-4646-95C7-B9992541F64B}"
EndProject
Project("{FAE04EC0-301F-11D3-BF4B-00C04F79EFBC}") = "Fire", "Fire\Fire.csproj", "{DFDF5AB9-F637-443A-8684-C43B56ADA83A}"
EndProject
Project("{FAE04EC0-301F-11D3-BF4B-00C04F79EFBC}") = "FormulaBit1", "FormulaBit1\FormulaBit1.csproj", "{EF9A31E0-5B0A-43A0-82E5-1D89A72389EC}"
EndProject
Project("{FAE04EC0-301F-11D3-BF4B-00C04F79EFBC}") = "GameOfPage", "GameOfPage\GameOfPage.csproj", "{013AC2CC-3566-43FA-B55F-767D3C57CB2F}"
EndProject
Project("{FAE04EC0-301F-11D3-BF4B-00C04F79EFBC}") = "KaspichaniaBoats", "KaspichaniaBoats\KaspichaniaBoats.csproj", "{97DE1407-21BD-451C-8B37-12584D1FC9B2}"
EndProject
Project("{FAE04EC0-301F-11D3-BF4B-00C04F79EFBC}") = "LeastMajorityMultiple", "LeastMajorityMultiple\LeastMajorityMultiple.csproj", "{661D805D-F318-45FB-B795-9737FE945B0E}"
EndProject
Project("{FAE04EC0-301F-11D3-BF4B-00C04F79EFBC}") = "MathExpression", "MathExpression\MathExpression.csproj", "{B4A3B5B9-D6E8-400E-A594-A1E56EB4002C}"
EndProject
Project("{FAE04EC0-301F-11D3-BF4B-00C04F79EFBC}") = "NaBabaMiSmetalnika", "NaBabaMiSmetalnika\NaBabaMiSmetalnika.csproj", "{5B06A8AA-4A88-4877-AE89-3BAE66037191}"
EndProject
Project("{FAE04EC0-301F-11D3-BF4B-00C04F79EFBC}") = "Neurons", "Neurons\Neurons.csproj", "{C5F7F0E1-283E-4D22-8455-701E3702685E}"
EndProject
Project("{FAE04EC0-301F-11D3-BF4B-00C04F79EFBC}") = "NextDate", "NextDate\NextDate.csproj", "{E871FD21-CAFC-45E1-8846-2D6625133327}"
EndProject
Project("{FAE04EC0-301F-11D3-BF4B-00C04F79EFBC}") = "NightmareOnCodeStreet", "NightmareOnCodeStreet\NightmareOnCodeStreet.csproj", "{707CE23D-9A7C-4579-9529-3E35C7958963}"
EndProject
Project("{FAE04EC0-301F-11D3-BF4B-00C04F79EFBC}") = "OddNumber", "OddNumber\OddNumber.csproj", "{78DAEDA5-2C3C-4A64-A28B-5387A1A51DF5}"
EndProject
Project("{FAE04EC0-301F-11D3-BF4B-00C04F79EFBC}") = "QuadronacciNumbers", "QuadronacciNumbers\QuadronacciNumbers.csproj", "{DE1300A1-9DC5-4CFF-9BDB-F52CE7E57D5E}"
EndProject
Project("{FAE04EC0-301F-11D3-BF4B-00C04F79EFBC}") = "SevenlandNumbers", "SevenlandNumbers\SevenlandNumbers.csproj", "{E051B7D8-9817-49F5-991F-8106028DFEC1}"
EndProject
Project("{FAE04EC0-301F-11D3-BF4B-00C04F79EFBC}") = "Sheets", "Sheets\Sheets.csproj", "{536BD04E-9476-46F5-A5EA-BF50E0C46477}"
EndProject
Project("{FAE04EC0-301F-11D3-BF4B-00C04F79EFBC}") = "SpiralMatrix", "SpiralMatrix\SpiralMatrix.csproj", "{1303289B-21F3-412E-94D7-AA2698E920E0}"
EndProject
Project("{FAE04EC0-301F-11D3-BF4B-00C04F79EFBC}") = "SpyHard", "SpyHard\SpyHard.csproj", "{3F11CBF3-74F5-4A53-92EE-DFBA5B5F1C58}"
EndProject
Project("{FAE04EC0-301F-11D3-BF4B-00C04F79EFBC}") = "SubsetSums", "SubsetSums\SubsetSums.csproj", "{2E27564C-5E5E-4E26-8CDA-548F820EBBD6}"
EndProject
Project("{FAE04EC0-301F-11D3-BF4B-00C04F79EFBC}") = "TelerikLogo", "TelerikLogo\TelerikLogo.csproj", "{4EB87BA9-9744-4A1B-8C9A-5A52465D46FC}"
EndProject
Project("{FAE04EC0-301F-11D3-BF4B-00C04F79EFBC}") = "TheHorror", "TheHorror\TheHorror.csproj", "{7F2C4170-5E2A-4B6F-8408-545B368C3FC2}"
EndProject
Project("{FAE04EC0-301F-11D3-BF4B-00C04F79EFBC}") = "TribonacciSequence", "TribonacciSequence\TribonacciSequence.csproj", "{1A4B9894-2979-425B-BBD9-C8EED9D8D734}"
EndProject
Project("{FAE04EC0-301F-11D3-BF4B-00C04F79EFBC}") = "TripleRotationDigits", "TripleRotationDigits\TripleRotationDigits.csproj", "{B4164A86-E38F-4CDB-BA1A-27A90F7FE62C}"
EndProject
Project("{FAE04EC0-301F-11D3-BF4B-00C04F79EFBC}") = "Warhead", "Warhead\Warhead.csproj", "{4D2058F8-76EF-4913-ACEB-8CB809A7FB9C}"
EndProject
Project("{FAE04EC0-301F-11D3-BF4B-00C04F79EFBC}") = "XExpression", "XExpression\XExpression.csproj", "{FA81EE8E-8E28-4764-9031-2380CDC2EAA4}"
EndProject
Project("{FAE04EC0-301F-11D3-BF4B-00C04F79EFBC}") = "Tribonacci", "Tribonacci\Tribonacci.csproj", "{290C6D8B-1397-4A9F-AFB4-1FE532E4EAEF}"
EndProject
Global
	GlobalSection(SolutionConfigurationPlatforms) = preSolution
		Debug|Any CPU = Debug|Any CPU
		Release|Any CPU = Release|Any CPU
	EndGlobalSection
	GlobalSection(ProjectConfigurationPlatforms) = postSolution
		{081C5880-CFE4-41DF-B7D9-114EC1A3922F}.Debug|Any CPU.ActiveCfg = Debug|Any CPU
		{081C5880-CFE4-41DF-B7D9-114EC1A3922F}.Debug|Any CPU.Build.0 = Debug|Any CPU
		{081C5880-CFE4-41DF-B7D9-114EC1A3922F}.Release|Any CPU.ActiveCfg = Release|Any CPU
		{081C5880-CFE4-41DF-B7D9-114EC1A3922F}.Release|Any CPU.Build.0 = Release|Any CPU
		{F5163D95-53DF-4F64-8985-02D21CF04017}.Debug|Any CPU.ActiveCfg = Debug|Any CPU
		{F5163D95-53DF-4F64-8985-02D21CF04017}.Debug|Any CPU.Build.0 = Debug|Any CPU
		{F5163D95-53DF-4F64-8985-02D21CF04017}.Release|Any CPU.ActiveCfg = Release|Any CPU
		{F5163D95-53DF-4F64-8985-02D21CF04017}.Release|Any CPU.Build.0 = Release|Any CPU
		{4515FF3F-BDB1-4152-9B9D-BA9BF7913FDF}.Debug|Any CPU.ActiveCfg = Debug|Any CPU
		{4515FF3F-BDB1-4152-9B9D-BA9BF7913FDF}.Debug|Any CPU.Build.0 = Debug|Any CPU
		{4515FF3F-BDB1-4152-9B9D-BA9BF7913FDF}.Release|Any CPU.ActiveCfg = Release|Any CPU
		{4515FF3F-BDB1-4152-9B9D-BA9BF7913FDF}.Release|Any CPU.Build.0 = Release|Any CPU
		{9E261585-EDA4-408B-BD82-C80C7D1014BA}.Debug|Any CPU.ActiveCfg = Debug|Any CPU
		{9E261585-EDA4-408B-BD82-C80C7D1014BA}.Debug|Any CPU.Build.0 = Debug|Any CPU
		{9E261585-EDA4-408B-BD82-C80C7D1014BA}.Release|Any CPU.ActiveCfg = Release|Any CPU
		{9E261585-EDA4-408B-BD82-C80C7D1014BA}.Release|Any CPU.Build.0 = Release|Any CPU
		{A9AF7A5A-811B-445F-98EC-FB8CDF40F441}.Debug|Any CPU.ActiveCfg = Debug|Any CPU
		{A9AF7A5A-811B-445F-98EC-FB8CDF40F441}.Debug|Any CPU.Build.0 = Debug|Any CPU
		{A9AF7A5A-811B-445F-98EC-FB8CDF40F441}.Release|Any CPU.ActiveCfg = Release|Any CPU
		{A9AF7A5A-811B-445F-98EC-FB8CDF40F441}.Release|Any CPU.Build.0 = Release|Any CPU
		{3BBC10CC-A46B-4170-A02E-383D0666943B}.Debug|Any CPU.ActiveCfg = Debug|Any CPU
		{3BBC10CC-A46B-4170-A02E-383D0666943B}.Debug|Any CPU.Build.0 = Debug|Any CPU
		{3BBC10CC-A46B-4170-A02E-383D0666943B}.Release|Any CPU.ActiveCfg = Release|Any CPU
		{3BBC10CC-A46B-4170-A02E-383D0666943B}.Release|Any CPU.Build.0 = Release|Any CPU
		{66E41420-CFF6-4EDF-89A5-56533FC72C8F}.Debug|Any CPU.ActiveCfg = Debug|Any CPU
		{66E41420-CFF6-4EDF-89A5-56533FC72C8F}.Debug|Any CPU.Build.0 = Debug|Any CPU
		{66E41420-CFF6-4EDF-89A5-56533FC72C8F}.Release|Any CPU.ActiveCfg = Release|Any CPU
		{66E41420-CFF6-4EDF-89A5-56533FC72C8F}.Release|Any CPU.Build.0 = Release|Any CPU
		{5EE1E883-1710-4C22-A95D-521B436244DB}.Debug|Any CPU.ActiveCfg = Debug|Any CPU
		{5EE1E883-1710-4C22-A95D-521B436244DB}.Debug|Any CPU.Build.0 = Debug|Any CPU
		{5EE1E883-1710-4C22-A95D-521B436244DB}.Release|Any CPU.ActiveCfg = Release|Any CPU
		{5EE1E883-1710-4C22-A95D-521B436244DB}.Release|Any CPU.Build.0 = Release|Any CPU
		{D1584B6C-397B-4172-A6DA-6E623785D518}.Debug|Any CPU.ActiveCfg = Debug|Any CPU
		{D1584B6C-397B-4172-A6DA-6E623785D518}.Debug|Any CPU.Build.0 = Debug|Any CPU
		{D1584B6C-397B-4172-A6DA-6E623785D518}.Release|Any CPU.ActiveCfg = Release|Any CPU
		{D1584B6C-397B-4172-A6DA-6E623785D518}.Release|Any CPU.Build.0 = Release|Any CPU
		{F6FF1F85-2E3A-4CF6-B786-2846E63460FE}.Debug|Any CPU.ActiveCfg = Debug|Any CPU
		{F6FF1F85-2E3A-4CF6-B786-2846E63460FE}.Debug|Any CPU.Build.0 = Debug|Any CPU
		{F6FF1F85-2E3A-4CF6-B786-2846E63460FE}.Release|Any CPU.ActiveCfg = Release|Any CPU
		{F6FF1F85-2E3A-4CF6-B786-2846E63460FE}.Release|Any CPU.Build.0 = Release|Any CPU
		{8E2B88C9-88C8-43E7-873A-E287AFDB3D91}.Debug|Any CPU.ActiveCfg = Debug|Any CPU
		{8E2B88C9-88C8-43E7-873A-E287AFDB3D91}.Debug|Any CPU.Build.0 = Debug|Any CPU
		{8E2B88C9-88C8-43E7-873A-E287AFDB3D91}.Release|Any CPU.ActiveCfg = Release|Any CPU
		{8E2B88C9-88C8-43E7-873A-E287AFDB3D91}.Release|Any CPU.Build.0 = Release|Any CPU
		{FEB1CEBD-CA01-4EED-BEC3-F75B8C97B98A}.Debug|Any CPU.ActiveCfg = Debug|Any CPU
		{FEB1CEBD-CA01-4EED-BEC3-F75B8C97B98A}.Debug|Any CPU.Build.0 = Debug|Any CPU
		{FEB1CEBD-CA01-4EED-BEC3-F75B8C97B98A}.Release|Any CPU.ActiveCfg = Release|Any CPU
		{FEB1CEBD-CA01-4EED-BEC3-F75B8C97B98A}.Release|Any CPU.Build.0 = Release|Any CPU
		{DE8D4D03-E54E-4646-95C7-B9992541F64B}.Debug|Any CPU.ActiveCfg = Debug|Any CPU
		{DE8D4D03-E54E-4646-95C7-B9992541F64B}.Debug|Any CPU.Build.0 = Debug|Any CPU
		{DE8D4D03-E54E-4646-95C7-B9992541F64B}.Release|Any CPU.ActiveCfg = Release|Any CPU
		{DE8D4D03-E54E-4646-95C7-B9992541F64B}.Release|Any CPU.Build.0 = Release|Any CPU
		{DFDF5AB9-F637-443A-8684-C43B56ADA83A}.Debug|Any CPU.ActiveCfg = Debug|Any CPU
		{DFDF5AB9-F637-443A-8684-C43B56ADA83A}.Debug|Any CPU.Build.0 = Debug|Any CPU
		{DFDF5AB9-F637-443A-8684-C43B56ADA83A}.Release|Any CPU.ActiveCfg = Release|Any CPU
		{DFDF5AB9-F637-443A-8684-C43B56ADA83A}.Release|Any CPU.Build.0 = Release|Any CPU
		{EF9A31E0-5B0A-43A0-82E5-1D89A72389EC}.Debug|Any CPU.ActiveCfg = Debug|Any CPU
		{EF9A31E0-5B0A-43A0-82E5-1D89A72389EC}.Debug|Any CPU.Build.0 = Debug|Any CPU
		{EF9A31E0-5B0A-43A0-82E5-1D89A72389EC}.Release|Any CPU.ActiveCfg = Release|Any CPU
		{EF9A31E0-5B0A-43A0-82E5-1D89A72389EC}.Release|Any CPU.Build.0 = Release|Any CPU
		{013AC2CC-3566-43FA-B55F-767D3C57CB2F}.Debug|Any CPU.ActiveCfg = Debug|Any CPU
		{013AC2CC-3566-43FA-B55F-767D3C57CB2F}.Debug|Any CPU.Build.0 = Debug|Any CPU
		{013AC2CC-3566-43FA-B55F-767D3C57CB2F}.Release|Any CPU.ActiveCfg = Release|Any CPU
		{013AC2CC-3566-43FA-B55F-767D3C57CB2F}.Release|Any CPU.Build.0 = Release|Any CPU
		{97DE1407-21BD-451C-8B37-12584D1FC9B2}.Debug|Any CPU.ActiveCfg = Debug|Any CPU
		{97DE1407-21BD-451C-8B37-12584D1FC9B2}.Debug|Any CPU.Build.0 = Debug|Any CPU
		{97DE1407-21BD-451C-8B37-12584D1FC9B2}.Release|Any CPU.ActiveCfg = Release|Any CPU
		{97DE1407-21BD-451C-8B37-12584D1FC9B2}.Release|Any CPU.Build.0 = Release|Any CPU
		{661D805D-F318-45FB-B795-9737FE945B0E}.Debug|Any CPU.ActiveCfg = Debug|Any CPU
		{661D805D-F318-45FB-B795-9737FE945B0E}.Debug|Any CPU.Build.0 = Debug|Any CPU
		{661D805D-F318-45FB-B795-9737FE945B0E}.Release|Any CPU.ActiveCfg = Release|Any CPU
		{661D805D-F318-45FB-B795-9737FE945B0E}.Release|Any CPU.Build.0 = Release|Any CPU
		{B4A3B5B9-D6E8-400E-A594-A1E56EB4002C}.Debug|Any CPU.ActiveCfg = Debug|Any CPU
		{B4A3B5B9-D6E8-400E-A594-A1E56EB4002C}.Debug|Any CPU.Build.0 = Debug|Any CPU
		{B4A3B5B9-D6E8-400E-A594-A1E56EB4002C}.Release|Any CPU.ActiveCfg = Release|Any CPU
		{B4A3B5B9-D6E8-400E-A594-A1E56EB4002C}.Release|Any CPU.Build.0 = Release|Any CPU
		{5B06A8AA-4A88-4877-AE89-3BAE66037191}.Debug|Any CPU.ActiveCfg = Debug|Any CPU
		{5B06A8AA-4A88-4877-AE89-3BAE66037191}.Debug|Any CPU.Build.0 = Debug|Any CPU
		{5B06A8AA-4A88-4877-AE89-3BAE66037191}.Release|Any CPU.ActiveCfg = Release|Any CPU
		{5B06A8AA-4A88-4877-AE89-3BAE66037191}.Release|Any CPU.Build.0 = Release|Any CPU
		{C5F7F0E1-283E-4D22-8455-701E3702685E}.Debug|Any CPU.ActiveCfg = Debug|Any CPU
		{C5F7F0E1-283E-4D22-8455-701E3702685E}.Debug|Any CPU.Build.0 = Debug|Any CPU
		{C5F7F0E1-283E-4D22-8455-701E3702685E}.Release|Any CPU.ActiveCfg = Release|Any CPU
		{C5F7F0E1-283E-4D22-8455-701E3702685E}.Release|Any CPU.Build.0 = Release|Any CPU
		{E871FD21-CAFC-45E1-8846-2D6625133327}.Debug|Any CPU.ActiveCfg = Debug|Any CPU
		{E871FD21-CAFC-45E1-8846-2D6625133327}.Debug|Any CPU.Build.0 = Debug|Any CPU
		{E871FD21-CAFC-45E1-8846-2D6625133327}.Release|Any CPU.ActiveCfg = Release|Any CPU
		{E871FD21-CAFC-45E1-8846-2D6625133327}.Release|Any CPU.Build.0 = Release|Any CPU
		{707CE23D-9A7C-4579-9529-3E35C7958963}.Debug|Any CPU.ActiveCfg = Debug|Any CPU
		{707CE23D-9A7C-4579-9529-3E35C7958963}.Debug|Any CPU.Build.0 = Debug|Any CPU
		{707CE23D-9A7C-4579-9529-3E35C7958963}.Release|Any CPU.ActiveCfg = Release|Any CPU
		{707CE23D-9A7C-4579-9529-3E35C7958963}.Release|Any CPU.Build.0 = Release|Any CPU
		{78DAEDA5-2C3C-4A64-A28B-5387A1A51DF5}.Debug|Any CPU.ActiveCfg = Debug|Any CPU
		{78DAEDA5-2C3C-4A64-A28B-5387A1A51DF5}.Debug|Any CPU.Build.0 = Debug|Any CPU
		{78DAEDA5-2C3C-4A64-A28B-5387A1A51DF5}.Release|Any CPU.ActiveCfg = Release|Any CPU
		{78DAEDA5-2C3C-4A64-A28B-5387A1A51DF5}.Release|Any CPU.Build.0 = Release|Any CPU
		{DE1300A1-9DC5-4CFF-9BDB-F52CE7E57D5E}.Debug|Any CPU.ActiveCfg = Debug|Any CPU
		{DE1300A1-9DC5-4CFF-9BDB-F52CE7E57D5E}.Debug|Any CPU.Build.0 = Debug|Any CPU
		{DE1300A1-9DC5-4CFF-9BDB-F52CE7E57D5E}.Release|Any CPU.ActiveCfg = Release|Any CPU
		{DE1300A1-9DC5-4CFF-9BDB-F52CE7E57D5E}.Release|Any CPU.Build.0 = Release|Any CPU
		{E051B7D8-9817-49F5-991F-8106028DFEC1}.Debug|Any CPU.ActiveCfg = Debug|Any CPU
		{E051B7D8-9817-49F5-991F-8106028DFEC1}.Debug|Any CPU.Build.0 = Debug|Any CPU
		{E051B7D8-9817-49F5-991F-8106028DFEC1}.Release|Any CPU.ActiveCfg = Release|Any CPU
		{E051B7D8-9817-49F5-991F-8106028DFEC1}.Release|Any CPU.Build.0 = Release|Any CPU
		{536BD04E-9476-46F5-A5EA-BF50E0C46477}.Debug|Any CPU.ActiveCfg = Debug|Any CPU
		{536BD04E-9476-46F5-A5EA-BF50E0C46477}.Debug|Any CPU.Build.0 = Debug|Any CPU
		{536BD04E-9476-46F5-A5EA-BF50E0C46477}.Release|Any CPU.ActiveCfg = Release|Any CPU
		{536BD04E-9476-46F5-A5EA-BF50E0C46477}.Release|Any CPU.Build.0 = Release|Any CPU
		{1303289B-21F3-412E-94D7-AA2698E920E0}.Debug|Any CPU.ActiveCfg = Debug|Any CPU
		{1303289B-21F3-412E-94D7-AA2698E920E0}.Debug|Any CPU.Build.0 = Debug|Any CPU
		{1303289B-21F3-412E-94D7-AA2698E920E0}.Release|Any CPU.ActiveCfg = Release|Any CPU
		{1303289B-21F3-412E-94D7-AA2698E920E0}.Release|Any CPU.Build.0 = Release|Any CPU
		{3F11CBF3-74F5-4A53-92EE-DFBA5B5F1C58}.Debug|Any CPU.ActiveCfg = Debug|Any CPU
		{3F11CBF3-74F5-4A53-92EE-DFBA5B5F1C58}.Debug|Any CPU.Build.0 = Debug|Any CPU
		{3F11CBF3-74F5-4A53-92EE-DFBA5B5F1C58}.Release|Any CPU.ActiveCfg = Release|Any CPU
		{3F11CBF3-74F5-4A53-92EE-DFBA5B5F1C58}.Release|Any CPU.Build.0 = Release|Any CPU
		{2E27564C-5E5E-4E26-8CDA-548F820EBBD6}.Debug|Any CPU.ActiveCfg = Debug|Any CPU
		{2E27564C-5E5E-4E26-8CDA-548F820EBBD6}.Debug|Any CPU.Build.0 = Debug|Any CPU
		{2E27564C-5E5E-4E26-8CDA-548F820EBBD6}.Release|Any CPU.ActiveCfg = Release|Any CPU
		{2E27564C-5E5E-4E26-8CDA-548F820EBBD6}.Release|Any CPU.Build.0 = Release|Any CPU
		{4EB87BA9-9744-4A1B-8C9A-5A52465D46FC}.Debug|Any CPU.ActiveCfg = Debug|Any CPU
		{4EB87BA9-9744-4A1B-8C9A-5A52465D46FC}.Debug|Any CPU.Build.0 = Debug|Any CPU
		{4EB87BA9-9744-4A1B-8C9A-5A52465D46FC}.Release|Any CPU.ActiveCfg = Release|Any CPU
		{4EB87BA9-9744-4A1B-8C9A-5A52465D46FC}.Release|Any CPU.Build.0 = Release|Any CPU
		{7F2C4170-5E2A-4B6F-8408-545B368C3FC2}.Debug|Any CPU.ActiveCfg = Debug|Any CPU
		{7F2C4170-5E2A-4B6F-8408-545B368C3FC2}.Debug|Any CPU.Build.0 = Debug|Any CPU
		{7F2C4170-5E2A-4B6F-8408-545B368C3FC2}.Release|Any CPU.ActiveCfg = Release|Any CPU
		{7F2C4170-5E2A-4B6F-8408-545B368C3FC2}.Release|Any CPU.Build.0 = Release|Any CPU
		{1A4B9894-2979-425B-BBD9-C8EED9D8D734}.Debug|Any CPU.ActiveCfg = Debug|Any CPU
		{1A4B9894-2979-425B-BBD9-C8EED9D8D734}.Debug|Any CPU.Build.0 = Debug|Any CPU
		{1A4B9894-2979-425B-BBD9-C8EED9D8D734}.Release|Any CPU.ActiveCfg = Release|Any CPU
		{1A4B9894-2979-425B-BBD9-C8EED9D8D734}.Release|Any CPU.Build.0 = Release|Any CPU
		{B4164A86-E38F-4CDB-BA1A-27A90F7FE62C}.Debug|Any CPU.ActiveCfg = Debug|Any CPU
		{B4164A86-E38F-4CDB-BA1A-27A90F7FE62C}.Debug|Any CPU.Build.0 = Debug|Any CPU
		{B4164A86-E38F-4CDB-BA1A-27A90F7FE62C}.Release|Any CPU.ActiveCfg = Release|Any CPU
		{B4164A86-E38F-4CDB-BA1A-27A90F7FE62C}.Release|Any CPU.Build.0 = Release|Any CPU
		{4D2058F8-76EF-4913-ACEB-8CB809A7FB9C}.Debug|Any CPU.ActiveCfg = Debug|Any CPU
		{4D2058F8-76EF-4913-ACEB-8CB809A7FB9C}.Debug|Any CPU.Build.0 = Debug|Any CPU
		{4D2058F8-76EF-4913-ACEB-8CB809A7FB9C}.Release|Any CPU.ActiveCfg = Release|Any CPU
		{4D2058F8-76EF-4913-ACEB-8CB809A7FB9C}.Release|Any CPU.Build.0 = Release|Any CPU
		{FA81EE8E-8E28-4764-9031-2380CDC2EAA4}.Debug|Any CPU.ActiveCfg = Debug|Any CPU
		{FA81EE8E-8E28-4764-9031-2380CDC2EAA4}.Debug|Any CPU.Build.0 = Debug|Any CPU
		{FA81EE8E-8E28-4764-9031-2380CDC2EAA4}.Release|Any CPU.ActiveCfg = Release|Any CPU
		{FA81EE8E-8E28-4764-9031-2380CDC2EAA4}.Release|Any CPU.Build.0 = Release|Any CPU
		{290C6D8B-1397-4A9F-AFB4-1FE532E4EAEF}.Debug|Any CPU.ActiveCfg = Debug|Any CPU
		{290C6D8B-1397-4A9F-AFB4-1FE532E4EAEF}.Debug|Any CPU.Build.0 = Debug|Any CPU
		{290C6D8B-1397-4A9F-AFB4-1FE532E4EAEF}.Release|Any CPU.ActiveCfg = Release|Any CPU
		{290C6D8B-1397-4A9F-AFB4-1FE532E4EAEF}.Release|Any CPU.Build.0 = Release|Any CPU
	EndGlobalSection
	GlobalSection(SolutionProperties) = preSolution
		HideSolutionNode = FALSE
	EndGlobalSection
EndGlobal
