
Microsoft Visual Studio Solution File, Format Version 12.00
# Visual Studio 2013
VisualStudioVersion = 12.0.31101.0
MinimumVisualStudioVersion = 10.0.40219.1
Project("{FAE04EC0-301F-11D3-BF4B-00C04F79EFBC}") = "2-4-8", "2-4-8\2-4-8.csproj", "{081C5880-CFE4-41DF-B7D9-114EC1A3922F}"
EndProject
Project("{FAE04EC0-301F-11D3-BF4B-00C04F79EFBC}") = "3-6-9", "3-6-9\3-6-9.csproj", "{F5163D95-53DF-4F64-8985-02D21CF04017}"
EndProject
Project("{FAE04EC0-301F-11D3-BF4B-00C04F79EFBC}") = "A-nacci", "A-nacci\A-nacci.csproj", "{4515FF3F-BDB1-4152-9B9D-BA9BF7913FDF}"
EndProject
Project("{FAE04EC0-301F-11D3-BF4B-00C04F79EFBC}") = "AngryBits", "AngryBits\AngryBits.csproj", "{9E261585-EDA4-408B-BD82-C80C7D1014BA}"
EndProject
Project("{FAE04EC0-301F-11D3-BF4B-00C04F79EFBC}") = "BitBall", "BitBall\BitBall.csproj", "{A9AF7A5A-811B-445F-98EC-FB8CDF40F441}"
EndProject
Project("{FAE04EC0-301F-11D3-BF4B-00C04F79EFBC}") = "Bittris", "Bittris\Bittris.csproj", "{3BBC10CC-A46B-4170-A02E-383D0666943B}"
EndProject
Project("{FAE04EC0-301F-11D3-BF4B-00C04F79EFBC}") = "BullsAndCows", "BullsAndCows\BullsAndCows.csproj", "{66E41420-CFF6-4EDF-89A5-56533FC72C8F}"
EndProject
Project("{FAE04EC0-301F-11D3-BF4B-00C04F79EFBC}") = "Carpets", "Carpets\Carpets.csproj", "{5EE1E883-1710-4C22-A95D-521B436244DB}"
EndProject
Project("{FAE04EC0-301F-11D3-BF4B-00C04F79EFBC}") = "DiamondTrolls", "DiamondTrolls\DiamondTrolls.csproj", "{D1584B6C-397B-4172-A6DA-6E623785D518}"
EndProject
Project("{FAE04EC0-301F-11D3-BF4B-00C04F79EFBC}") = "Eggcelent", "Eggcelent\Eggcelent.csproj", "{F6FF1F85-2E3A-4CF6-B786-2846E63460FE}"
EndProject
Project("{FAE04EC0-301F-11D3-BF4B-00C04F79EFBC}") = "Enigmanation", "Enigmanation\Enigmanation.csproj", "{8E2B88C9-88C8-43E7-873A-E287AFDB3D91}"
EndProject
Project("{FAE04EC0-301F-11D3-BF4B-00C04F79EFBC}") = "ExcelColumns", "ExcelColumns\ExcelColumns.csproj", "{FEB1CEBD-CA01-4EED-BEC3-F75B8C97B98A}"
EndProject
Project("{FAE04EC0-301F-11D3-BF4B-00C04F79EFBC}") = "FallDown", "FallDown\FallDown.csproj", "{DE8D4D03-E54E-4646-95C7-B9992541F64B}"
EndProject
Project("{FAE04EC0-301F-11D3-BF4B-00C04F79EFBC}") = "Fire", "Fire\Fire.csproj", "{DFDF5AB9-F637-443A-8684-C43B56ADA83A}"
EndProject
Project("{FAE04EC0-301F-11D3-BF4B-00C04F79EFBC}") = "FormulaBit1", "FormulaBit1\FormulaBit1.csproj", "{EF9A31E0-5B0A-43A0-82E5-1D89A72389EC}"
EndProject
Project("{FAE04EC0-301F-11D3-BF4B-00C04F79EFBC}") = "GameOfPage", "GameOfPage\GameOfPage.csproj", "{013AC2CC-3566-43FA-B55F-767D3C57CB2F}"
EndProject
Project("{FAE04EC0-301F-11D3-BF4B-00C04F79EFBC}") = "KaspichaniaBoats", "KaspichaniaBoats\KaspichaniaBoats.csproj", "{97DE1407-21BD-451C-8B37-12584D1FC9B2}"
EndProject
Project("{FAE04EC0-301F-11D3-BF4B-00C04F79EFBC}") = "LeastMajorityMultiple", "LeastMajorityMultiple\LeastMajorityMultiple.csproj", "{661D805D-F318-45FB-B795-9737FE945B0E}"
EndProject
Project("{FAE04EC0-301F-11D3-BF4B-00C04F79EFBC}") = "MathExpression", "MathExpression\MathExpression.csproj", "{B4A3B5B9-D6E8-400E-A594-A1E56EB4002C}"
EndProject
Project("{FAE04EC0-301F-11D3-BF4B-00C04F79EFBC}") = "NaBabaMiSmetalnika", "NaBabaMiSmetalnika\NaBabaMiSmetalnika.csproj", "{5B06A8AA-4A88-4877-AE89-3BAE66037191}"
EndProject
Project("{FAE04EC0-301F-11D3-BF4B-00C04F79EFBC}") = "Neurons", "Neurons\Neurons.csproj", "{C5F7F0E1-283E-4D22-8455-701E3702685E}"
EndProject
Project("{FAE04EC0-301F-11D3-BF4B-00C04F79EFBC}") = "NextDate", "NextDate\NextDate.csproj", "{E871FD21-CAFC-45E1-8846-2D6625133327}"
EndProject
Project("{FAE04EC0-301F-11D3-BF4B-00C04F79EFBC}") = "NightmareOnCodeStreet", "NightmareOnCodeStreet\NightmareOnCodeStreet.csproj", "{707CE23D-9A7C-4579-9529-3E35C7958963}"
EndProject
Project("{FAE04EC0-301F-11D3-BF4B-00C04F79EFBC}") = "OddNumber", "OddNumber\OddNumber.csproj", "{78DAEDA5-2C3C-4A64-A28B-5387A1A51DF5}"
EndProject
Project("{FAE04EC0-301F-11D3-BF4B-00C04F79EFBC}") = "QuadronacciNumbers", "QuadronacciNumbers\QuadronacciNumbers.csproj", "{DE1300A1-9DC5-4CFF-9BDB-F52CE7E57D5E}"
EndProject
Project("{FAE04EC0-301F-11D3-BF4B-00C04F79EFBC}") = "SevenlandNumbers", "SevenlandNumbers\SevenlandNumbers.csproj", "{E051B7D8-9817-49F5-991F-8106028DFEC1}"
EndProject
Project("{FAE04EC0-301F-11D3-BF4B-00C04F79EFBC}") = "Sheets", "Sheets\Sheets.csproj", "{536BD04E-9476-46F5-A5EA-BF50E0C46477}"
EndProject
Project("{FAE04EC0-301F-11D3-BF4B-00C04F79EFBC}") = "SpiralMatrix", "SpiralMatrix\SpiralMatrix.csproj", "{1303289B-21F3-412E-94D7-AA2698E920E0}"
EndProject
Project("{FAE04EC0-301F-11D3-BF4B-00C04F79EFBC}") = "SpyHard", "SpyHard\SpyHard.csproj", "{3F11CBF3-74F5-4A53-92EE-DFBA5B5F1C58}"
EndProject
Project("{FAE04EC0-301F-11D3-BF4B-00C04F79EFBC}") = "SubsetSums", "SubsetSums\SubsetSums.csproj", "{2E27564C-5E5E-4E26-8CDA-548F820EBBD6}"
EndProject
Project("{FAE04EC0-301F-11D3-BF4B-00C04F79EFBC}") = "TelerikLogo", "TelerikLogo\TelerikLogo.csproj", "{4EB87BA9-9744-4A1B-8C9A-5A52465D46FC}"
EndProject
Project("{FAE04EC0-301F-11D3-BF4B-00C04F79EFBC}") = "TheHorror", "TheHorror\TheHorror.csproj", "{7F2C4170-5E2A-4B6F-8408-545B368C3FC2}"
EndProject
Project("{FAE04EC0-301F-11D3-BF4B-00C04F79EFBC}") = "TribonacciSequence", "TribonacciSequence\TribonacciSequence.csproj", "{1A4B9894-2979-425B-BBD9-C8EED9D8D734}"
EndProject
Project("{FAE04EC0-301F-11D3-BF4B-00C04F79EFBC}") = "TripleRotationDigits", "TripleRotationDigits\TripleRotationDigits.csproj", "{B4164A86-E38F-4CDB-BA1A-27A90F7FE62C}"
EndProject
Project("{FAE04EC0-301F-11D3-BF4B-00C04F79EFBC}") = "Warhead", "Warhead\Warhead.csproj", "{4D2058F8-76EF-4913-ACEB-8CB809A7FB9C}"
EndProject
Project("{FAE04EC0-301F-11D3-BF4B-00C04F79EFBC}") = "XExpression", "XExpression\XExpression.csproj", "{FA81EE8E-8E28-4764-9031-2380CDC2EAA4}"
EndProject
Project("{FAE04EC0-301F-11D3-BF4B-00C04F79EFBC}") = "Tribonacci", "Tribonacci\Tribonacci.csproj", "{290C6D8B-1397-4A9F-AFB4-1FE532E4EAEF}"
EndProject
Project("{FAE04EC0-301F-11D3-BF4B-00C04F79EFBC}") = "ShipDamage", "ShipDamage\ShipDamage.csproj", "{5F7858E3-3232-414B-B058-CE6B05AEDCCA}"
EndProject
Project("{FAE04EC0-301F-11D3-BF4B-00C04F79EFBC}") = "WeAllLoveBits", "WeAllLoveBits\WeAllLoveBits.csproj", "{60D03BE1-769D-45B6-A9F9-4BC1FA48E34E}"
EndProject
Project("{FAE04EC0-301F-11D3-BF4B-00C04F79EFBC}") = "Pillars", "Pillars\Pillars.csproj", "{0819391E-D8C2-4E05-AE0E-AD256943525A}"
EndProject
Project("{FAE04EC0-301F-11D3-BF4B-00C04F79EFBC}") = "FighterAttack", "FighterAttack\FighterAttack.csproj", "{837B9284-091E-4EA1-A87C-09A18036B997}"
EndProject
Project("{FAE04EC0-301F-11D3-BF4B-00C04F79EFBC}") = "AstrologicalDigits", "AstrologicalDigits\AstrologicalDigits.csproj", "{7714C6B0-77AB-4C8E-8EF4-DD2834E1170E}"
EndProject
Project("{FAE04EC0-301F-11D3-BF4B-00C04F79EFBC}") = "DancingBits", "DancingBits\DancingBits.csproj", "{F6E5E557-E9C3-4CB2-BF77-D6EF0955C7CB}"
EndProject
Project("{FAE04EC0-301F-11D3-BF4B-00C04F79EFBC}") = "Lines", "Lines\Lines.csproj", "{3C9BA51B-A0B6-4053-891A-1F23B36D6311}"
EndProject
Project("{FAE04EC0-301F-11D3-BF4B-00C04F79EFBC}") = "Volleyball", "Volleyball\Volleyball.csproj", "{D61A00C7-0025-491B-98F0-9A20009EDC20}"
EndProject
Project("{FAE04EC0-301F-11D3-BF4B-00C04F79EFBC}") = "OddEvenSum", "OddEvenSum\OddEvenSum.csproj", "{B53B3292-9F1F-4123-AD44-7C81C0E486B9}"
EndProject
Project("{FAE04EC0-301F-11D3-BF4B-00C04F79EFBC}") = "Eclipse", "Eclipse\Eclipse.csproj", "{3183F4C6-81B7-4EE2-BBF9-B52DB9A7169E}"
EndProject
Project("{FAE04EC0-301F-11D3-BF4B-00C04F79EFBC}") = "HayvanNumbers", "HayvanNumbers\HayvanNumbers.csproj", "{FF5BB68B-3ED2-4AA0-AA0D-D7D67F3233AF}"
EndProject
Project("{FAE04EC0-301F-11D3-BF4B-00C04F79EFBC}") = "BitsUp", "BitsUp\BitsUp.csproj", "{BCBE50A5-73D9-4765-A9F4-093CE547AE56}"
EndProject
Project("{FAE04EC0-301F-11D3-BF4B-00C04F79EFBC}") = "WorkHours", "WorkHours\WorkHours.csproj", "{7A428D4B-FBBF-4DC1-9761-A8E95F2A54E0}"
EndProject
Project("{FAE04EC0-301F-11D3-BF4B-00C04F79EFBC}") = "SumOfElements", "SumOfElements\SumOfElements.csproj", "{1CD011DE-9447-4264-A37F-6DCA84480621}"
EndProject
Project("{FAE04EC0-301F-11D3-BF4B-00C04F79EFBC}") = "TheExplorer", "TheExplorer\TheExplorer.csproj", "{5A0EEEA0-02B4-431D-9519-4DA6E50526C4}"
EndProject
Project("{FAE04EC0-301F-11D3-BF4B-00C04F79EFBC}") = "MagicStrings", "MagicStrings\MagicStrings.csproj", "{69BD99A7-D0E4-4EE8-AC14-196029AAFEAB}"
EndProject
Project("{FAE04EC0-301F-11D3-BF4B-00C04F79EFBC}") = "BitSifting", "BitSifting\BitSifting.csproj", "{698ACC2B-85B7-4C3C-AD3E-795A92D554F0}"
EndProject
Project("{FAE04EC0-301F-11D3-BF4B-00C04F79EFBC}") = "Cinema", "Cinema\Cinema.csproj", "{9B8E4652-9EE5-4DD9-94F8-C4B7B76FCFB7}"
EndProject
Project("{FAE04EC0-301F-11D3-BF4B-00C04F79EFBC}") = "Illuminati", "Illuminati\Illuminati.csproj", "{98EA09A2-8990-4CB4-A3BB-BAC8F4200F97}"
EndProject
Project("{FAE04EC0-301F-11D3-BF4B-00C04F79EFBC}") = "NewHouse", "NewHouse\NewHouse.csproj", "{AF039B31-B108-4BFC-BB68-CF2A24797257}"
EndProject
Project("{FAE04EC0-301F-11D3-BF4B-00C04F79EFBC}") = "CrossingSequences", "CrossingSequences\CrossingSequences.csproj", "{2A123647-37B6-43CB-9625-57F08BFFA335}"
EndProject
Project("{FAE04EC0-301F-11D3-BF4B-00C04F79EFBC}") = "CatchTheBits", "CatchTheBits\CatchTheBits.csproj", "{43FF404B-B722-48FA-AA7F-287C53256A63}"
EndProject
Project("{FAE04EC0-301F-11D3-BF4B-00C04F79EFBC}") = "Triangle", "Triangle\Triangle.csproj", "{FF35C60A-1D8C-43A6-B166-C612446A08E1}"
EndProject
Project("{FAE04EC0-301F-11D3-BF4B-00C04F79EFBC}") = "Pairs", "Pairs\Pairs.csproj", "{4C8B9C9F-8646-4DDF-88AE-030A03325D73}"
EndProject
Project("{FAE04EC0-301F-11D3-BF4B-00C04F79EFBC}") = "House", "House\House.csproj", "{6EB39463-E17F-40E7-B5B6-3CAF6A85AC7E}"
EndProject
Project("{FAE04EC0-301F-11D3-BF4B-00C04F79EFBC}") = "MagicDates", "MagicDates\MagicDates.csproj", "{E7472F6F-FD43-4F79-B13B-E9FE4119932F}"
EndProject
Project("{FAE04EC0-301F-11D3-BF4B-00C04F79EFBC}") = "BitsKiller", "BitsKiller\BitsKiller.csproj", "{F33BE922-056F-4D9F-9B28-2616123311F1}"
EndProject
Project("{FAE04EC0-301F-11D3-BF4B-00C04F79EFBC}") = "ExamSchedule", "ExamSchedule\ExamSchedule.csproj", "{301D7F2C-9CD9-4815-893E-016C171DEF10}"
EndProject
Project("{FAE04EC0-301F-11D3-BF4B-00C04F79EFBC}") = "OddEvenElements", "OddEvenElements\OddEvenElements.csproj", "{1659AD85-452C-4AC8-81A8-228A6956D564}"
EndProject
Project("{FAE04EC0-301F-11D3-BF4B-00C04F79EFBC}") = "Arrow", "Arrow\Arrow.csproj", "{4C6F41DB-D3CB-44B5-B9C2-112A59B06334}"
EndProject
Project("{FAE04EC0-301F-11D3-BF4B-00C04F79EFBC}") = "FiveSpecialLetters", "FiveSpecialLetters\FiveSpecialLetters.csproj", "{B81525AC-D9F6-4E63-BDAF-6CACE7763B9D}"
EndProject
Project("{FAE04EC0-301F-11D3-BF4B-00C04F79EFBC}") = "BitRoller", "BitRoller\BitRoller.csproj", "{7A68DE1E-4FED-4D38-B639-25F40305FED9}"
EndProject
Project("{FAE04EC0-301F-11D3-BF4B-00C04F79EFBC}") = "FruitMarket", "FruitMarket\FruitMarket.csproj", "{34CBC64C-909C-424E-A10A-74124529C887}"
EndProject
Project("{FAE04EC0-301F-11D3-BF4B-00C04F79EFBC}") = "BiggestTriple", "BiggestTriple\BiggestTriple.csproj", "{88552225-85A2-4ECA-AD9C-44029BD3C190}"
EndProject
Project("{FAE04EC0-301F-11D3-BF4B-00C04F79EFBC}") = "WineGlass", "WineGlass\WineGlass.csproj", "{6AF93ACE-D31B-432B-9700-9D6864242FC7}"
EndProject
Global
	GlobalSection(SolutionConfigurationPlatforms) = preSolution
		Debug|Any CPU = Debug|Any CPU
		Release|Any CPU = Release|Any CPU
	EndGlobalSection
	GlobalSection(ProjectConfigurationPlatforms) = postSolution
		{081C5880-CFE4-41DF-B7D9-114EC1A3922F}.Debug|Any CPU.ActiveCfg = Debug|Any CPU
		{081C5880-CFE4-41DF-B7D9-114EC1A3922F}.Debug|Any CPU.Build.0 = Debug|Any CPU
		{081C5880-CFE4-41DF-B7D9-114EC1A3922F}.Release|Any CPU.ActiveCfg = Release|Any CPU
		{081C5880-CFE4-41DF-B7D9-114EC1A3922F}.Release|Any CPU.Build.0 = Release|Any CPU
		{F5163D95-53DF-4F64-8985-02D21CF04017}.Debug|Any CPU.ActiveCfg = Debug|Any CPU
		{F5163D95-53DF-4F64-8985-02D21CF04017}.Debug|Any CPU.Build.0 = Debug|Any CPU
		{F5163D95-53DF-4F64-8985-02D21CF04017}.Release|Any CPU.ActiveCfg = Release|Any CPU
		{F5163D95-53DF-4F64-8985-02D21CF04017}.Release|Any CPU.Build.0 = Release|Any CPU
		{4515FF3F-BDB1-4152-9B9D-BA9BF7913FDF}.Debug|Any CPU.ActiveCfg = Debug|Any CPU
		{4515FF3F-BDB1-4152-9B9D-BA9BF7913FDF}.Debug|Any CPU.Build.0 = Debug|Any CPU
		{4515FF3F-BDB1-4152-9B9D-BA9BF7913FDF}.Release|Any CPU.ActiveCfg = Release|Any CPU
		{4515FF3F-BDB1-4152-9B9D-BA9BF7913FDF}.Release|Any CPU.Build.0 = Release|Any CPU
		{9E261585-EDA4-408B-BD82-C80C7D1014BA}.Debug|Any CPU.ActiveCfg = Debug|Any CPU
		{9E261585-EDA4-408B-BD82-C80C7D1014BA}.Debug|Any CPU.Build.0 = Debug|Any CPU
		{9E261585-EDA4-408B-BD82-C80C7D1014BA}.Release|Any CPU.ActiveCfg = Release|Any CPU
		{9E261585-EDA4-408B-BD82-C80C7D1014BA}.Release|Any CPU.Build.0 = Release|Any CPU
		{A9AF7A5A-811B-445F-98EC-FB8CDF40F441}.Debug|Any CPU.ActiveCfg = Debug|Any CPU
		{A9AF7A5A-811B-445F-98EC-FB8CDF40F441}.Debug|Any CPU.Build.0 = Debug|Any CPU
		{A9AF7A5A-811B-445F-98EC-FB8CDF40F441}.Release|Any CPU.ActiveCfg = Release|Any CPU
		{A9AF7A5A-811B-445F-98EC-FB8CDF40F441}.Release|Any CPU.Build.0 = Release|Any CPU
		{3BBC10CC-A46B-4170-A02E-383D0666943B}.Debug|Any CPU.ActiveCfg = Debug|Any CPU
		{3BBC10CC-A46B-4170-A02E-383D0666943B}.Debug|Any CPU.Build.0 = Debug|Any CPU
		{3BBC10CC-A46B-4170-A02E-383D0666943B}.Release|Any CPU.ActiveCfg = Release|Any CPU
		{3BBC10CC-A46B-4170-A02E-383D0666943B}.Release|Any CPU.Build.0 = Release|Any CPU
		{66E41420-CFF6-4EDF-89A5-56533FC72C8F}.Debug|Any CPU.ActiveCfg = Debug|Any CPU
		{66E41420-CFF6-4EDF-89A5-56533FC72C8F}.Debug|Any CPU.Build.0 = Debug|Any CPU
		{66E41420-CFF6-4EDF-89A5-56533FC72C8F}.Release|Any CPU.ActiveCfg = Release|Any CPU
		{66E41420-CFF6-4EDF-89A5-56533FC72C8F}.Release|Any CPU.Build.0 = Release|Any CPU
		{5EE1E883-1710-4C22-A95D-521B436244DB}.Debug|Any CPU.ActiveCfg = Debug|Any CPU
		{5EE1E883-1710-4C22-A95D-521B436244DB}.Debug|Any CPU.Build.0 = Debug|Any CPU
		{5EE1E883-1710-4C22-A95D-521B436244DB}.Release|Any CPU.ActiveCfg = Release|Any CPU
		{5EE1E883-1710-4C22-A95D-521B436244DB}.Release|Any CPU.Build.0 = Release|Any CPU
		{D1584B6C-397B-4172-A6DA-6E623785D518}.Debug|Any CPU.ActiveCfg = Debug|Any CPU
		{D1584B6C-397B-4172-A6DA-6E623785D518}.Debug|Any CPU.Build.0 = Debug|Any CPU
		{D1584B6C-397B-4172-A6DA-6E623785D518}.Release|Any CPU.ActiveCfg = Release|Any CPU
		{D1584B6C-397B-4172-A6DA-6E623785D518}.Release|Any CPU.Build.0 = Release|Any CPU
		{F6FF1F85-2E3A-4CF6-B786-2846E63460FE}.Debug|Any CPU.ActiveCfg = Debug|Any CPU
		{F6FF1F85-2E3A-4CF6-B786-2846E63460FE}.Debug|Any CPU.Build.0 = Debug|Any CPU
		{F6FF1F85-2E3A-4CF6-B786-2846E63460FE}.Release|Any CPU.ActiveCfg = Release|Any CPU
		{F6FF1F85-2E3A-4CF6-B786-2846E63460FE}.Release|Any CPU.Build.0 = Release|Any CPU
		{8E2B88C9-88C8-43E7-873A-E287AFDB3D91}.Debug|Any CPU.ActiveCfg = Debug|Any CPU
		{8E2B88C9-88C8-43E7-873A-E287AFDB3D91}.Debug|Any CPU.Build.0 = Debug|Any CPU
		{8E2B88C9-88C8-43E7-873A-E287AFDB3D91}.Release|Any CPU.ActiveCfg = Release|Any CPU
		{8E2B88C9-88C8-43E7-873A-E287AFDB3D91}.Release|Any CPU.Build.0 = Release|Any CPU
		{FEB1CEBD-CA01-4EED-BEC3-F75B8C97B98A}.Debug|Any CPU.ActiveCfg = Debug|Any CPU
		{FEB1CEBD-CA01-4EED-BEC3-F75B8C97B98A}.Debug|Any CPU.Build.0 = Debug|Any CPU
		{FEB1CEBD-CA01-4EED-BEC3-F75B8C97B98A}.Release|Any CPU.ActiveCfg = Release|Any CPU
		{FEB1CEBD-CA01-4EED-BEC3-F75B8C97B98A}.Release|Any CPU.Build.0 = Release|Any CPU
		{DE8D4D03-E54E-4646-95C7-B9992541F64B}.Debug|Any CPU.ActiveCfg = Debug|Any CPU
		{DE8D4D03-E54E-4646-95C7-B9992541F64B}.Debug|Any CPU.Build.0 = Debug|Any CPU
		{DE8D4D03-E54E-4646-95C7-B9992541F64B}.Release|Any CPU.ActiveCfg = Release|Any CPU
		{DE8D4D03-E54E-4646-95C7-B9992541F64B}.Release|Any CPU.Build.0 = Release|Any CPU
		{DFDF5AB9-F637-443A-8684-C43B56ADA83A}.Debug|Any CPU.ActiveCfg = Debug|Any CPU
		{DFDF5AB9-F637-443A-8684-C43B56ADA83A}.Debug|Any CPU.Build.0 = Debug|Any CPU
		{DFDF5AB9-F637-443A-8684-C43B56ADA83A}.Release|Any CPU.ActiveCfg = Release|Any CPU
		{DFDF5AB9-F637-443A-8684-C43B56ADA83A}.Release|Any CPU.Build.0 = Release|Any CPU
		{EF9A31E0-5B0A-43A0-82E5-1D89A72389EC}.Debug|Any CPU.ActiveCfg = Debug|Any CPU
		{EF9A31E0-5B0A-43A0-82E5-1D89A72389EC}.Debug|Any CPU.Build.0 = Debug|Any CPU
		{EF9A31E0-5B0A-43A0-82E5-1D89A72389EC}.Release|Any CPU.ActiveCfg = Release|Any CPU
		{EF9A31E0-5B0A-43A0-82E5-1D89A72389EC}.Release|Any CPU.Build.0 = Release|Any CPU
		{013AC2CC-3566-43FA-B55F-767D3C57CB2F}.Debug|Any CPU.ActiveCfg = Debug|Any CPU
		{013AC2CC-3566-43FA-B55F-767D3C57CB2F}.Debug|Any CPU.Build.0 = Debug|Any CPU
		{013AC2CC-3566-43FA-B55F-767D3C57CB2F}.Release|Any CPU.ActiveCfg = Release|Any CPU
		{013AC2CC-3566-43FA-B55F-767D3C57CB2F}.Release|Any CPU.Build.0 = Release|Any CPU
		{97DE1407-21BD-451C-8B37-12584D1FC9B2}.Debug|Any CPU.ActiveCfg = Debug|Any CPU
		{97DE1407-21BD-451C-8B37-12584D1FC9B2}.Debug|Any CPU.Build.0 = Debug|Any CPU
		{97DE1407-21BD-451C-8B37-12584D1FC9B2}.Release|Any CPU.ActiveCfg = Release|Any CPU
		{97DE1407-21BD-451C-8B37-12584D1FC9B2}.Release|Any CPU.Build.0 = Release|Any CPU
		{661D805D-F318-45FB-B795-9737FE945B0E}.Debug|Any CPU.ActiveCfg = Debug|Any CPU
		{661D805D-F318-45FB-B795-9737FE945B0E}.Debug|Any CPU.Build.0 = Debug|Any CPU
		{661D805D-F318-45FB-B795-9737FE945B0E}.Release|Any CPU.ActiveCfg = Release|Any CPU
		{661D805D-F318-45FB-B795-9737FE945B0E}.Release|Any CPU.Build.0 = Release|Any CPU
		{B4A3B5B9-D6E8-400E-A594-A1E56EB4002C}.Debug|Any CPU.ActiveCfg = Debug|Any CPU
		{B4A3B5B9-D6E8-400E-A594-A1E56EB4002C}.Debug|Any CPU.Build.0 = Debug|Any CPU
		{B4A3B5B9-D6E8-400E-A594-A1E56EB4002C}.Release|Any CPU.ActiveCfg = Release|Any CPU
		{B4A3B5B9-D6E8-400E-A594-A1E56EB4002C}.Release|Any CPU.Build.0 = Release|Any CPU
		{5B06A8AA-4A88-4877-AE89-3BAE66037191}.Debug|Any CPU.ActiveCfg = Debug|Any CPU
		{5B06A8AA-4A88-4877-AE89-3BAE66037191}.Debug|Any CPU.Build.0 = Debug|Any CPU
		{5B06A8AA-4A88-4877-AE89-3BAE66037191}.Release|Any CPU.ActiveCfg = Release|Any CPU
		{5B06A8AA-4A88-4877-AE89-3BAE66037191}.Release|Any CPU.Build.0 = Release|Any CPU
		{C5F7F0E1-283E-4D22-8455-701E3702685E}.Debug|Any CPU.ActiveCfg = Debug|Any CPU
		{C5F7F0E1-283E-4D22-8455-701E3702685E}.Debug|Any CPU.Build.0 = Debug|Any CPU
		{C5F7F0E1-283E-4D22-8455-701E3702685E}.Release|Any CPU.ActiveCfg = Release|Any CPU
		{C5F7F0E1-283E-4D22-8455-701E3702685E}.Release|Any CPU.Build.0 = Release|Any CPU
		{E871FD21-CAFC-45E1-8846-2D6625133327}.Debug|Any CPU.ActiveCfg = Debug|Any CPU
		{E871FD21-CAFC-45E1-8846-2D6625133327}.Debug|Any CPU.Build.0 = Debug|Any CPU
		{E871FD21-CAFC-45E1-8846-2D6625133327}.Release|Any CPU.ActiveCfg = Release|Any CPU
		{E871FD21-CAFC-45E1-8846-2D6625133327}.Release|Any CPU.Build.0 = Release|Any CPU
		{707CE23D-9A7C-4579-9529-3E35C7958963}.Debug|Any CPU.ActiveCfg = Debug|Any CPU
		{707CE23D-9A7C-4579-9529-3E35C7958963}.Debug|Any CPU.Build.0 = Debug|Any CPU
		{707CE23D-9A7C-4579-9529-3E35C7958963}.Release|Any CPU.ActiveCfg = Release|Any CPU
		{707CE23D-9A7C-4579-9529-3E35C7958963}.Release|Any CPU.Build.0 = Release|Any CPU
		{78DAEDA5-2C3C-4A64-A28B-5387A1A51DF5}.Debug|Any CPU.ActiveCfg = Debug|Any CPU
		{78DAEDA5-2C3C-4A64-A28B-5387A1A51DF5}.Debug|Any CPU.Build.0 = Debug|Any CPU
		{78DAEDA5-2C3C-4A64-A28B-5387A1A51DF5}.Release|Any CPU.ActiveCfg = Release|Any CPU
		{78DAEDA5-2C3C-4A64-A28B-5387A1A51DF5}.Release|Any CPU.Build.0 = Release|Any CPU
		{DE1300A1-9DC5-4CFF-9BDB-F52CE7E57D5E}.Debug|Any CPU.ActiveCfg = Debug|Any CPU
		{DE1300A1-9DC5-4CFF-9BDB-F52CE7E57D5E}.Debug|Any CPU.Build.0 = Debug|Any CPU
		{DE1300A1-9DC5-4CFF-9BDB-F52CE7E57D5E}.Release|Any CPU.ActiveCfg = Release|Any CPU
		{DE1300A1-9DC5-4CFF-9BDB-F52CE7E57D5E}.Release|Any CPU.Build.0 = Release|Any CPU
		{E051B7D8-9817-49F5-991F-8106028DFEC1}.Debug|Any CPU.ActiveCfg = Debug|Any CPU
		{E051B7D8-9817-49F5-991F-8106028DFEC1}.Debug|Any CPU.Build.0 = Debug|Any CPU
		{E051B7D8-9817-49F5-991F-8106028DFEC1}.Release|Any CPU.ActiveCfg = Release|Any CPU
		{E051B7D8-9817-49F5-991F-8106028DFEC1}.Release|Any CPU.Build.0 = Release|Any CPU
		{536BD04E-9476-46F5-A5EA-BF50E0C46477}.Debug|Any CPU.ActiveCfg = Debug|Any CPU
		{536BD04E-9476-46F5-A5EA-BF50E0C46477}.Debug|Any CPU.Build.0 = Debug|Any CPU
		{536BD04E-9476-46F5-A5EA-BF50E0C46477}.Release|Any CPU.ActiveCfg = Release|Any CPU
		{536BD04E-9476-46F5-A5EA-BF50E0C46477}.Release|Any CPU.Build.0 = Release|Any CPU
		{1303289B-21F3-412E-94D7-AA2698E920E0}.Debug|Any CPU.ActiveCfg = Debug|Any CPU
		{1303289B-21F3-412E-94D7-AA2698E920E0}.Debug|Any CPU.Build.0 = Debug|Any CPU
		{1303289B-21F3-412E-94D7-AA2698E920E0}.Release|Any CPU.ActiveCfg = Release|Any CPU
		{1303289B-21F3-412E-94D7-AA2698E920E0}.Release|Any CPU.Build.0 = Release|Any CPU
		{3F11CBF3-74F5-4A53-92EE-DFBA5B5F1C58}.Debug|Any CPU.ActiveCfg = Debug|Any CPU
		{3F11CBF3-74F5-4A53-92EE-DFBA5B5F1C58}.Debug|Any CPU.Build.0 = Debug|Any CPU
		{3F11CBF3-74F5-4A53-92EE-DFBA5B5F1C58}.Release|Any CPU.ActiveCfg = Release|Any CPU
		{3F11CBF3-74F5-4A53-92EE-DFBA5B5F1C58}.Release|Any CPU.Build.0 = Release|Any CPU
		{2E27564C-5E5E-4E26-8CDA-548F820EBBD6}.Debug|Any CPU.ActiveCfg = Debug|Any CPU
		{2E27564C-5E5E-4E26-8CDA-548F820EBBD6}.Debug|Any CPU.Build.0 = Debug|Any CPU
		{2E27564C-5E5E-4E26-8CDA-548F820EBBD6}.Release|Any CPU.ActiveCfg = Release|Any CPU
		{2E27564C-5E5E-4E26-8CDA-548F820EBBD6}.Release|Any CPU.Build.0 = Release|Any CPU
		{4EB87BA9-9744-4A1B-8C9A-5A52465D46FC}.Debug|Any CPU.ActiveCfg = Debug|Any CPU
		{4EB87BA9-9744-4A1B-8C9A-5A52465D46FC}.Debug|Any CPU.Build.0 = Debug|Any CPU
		{4EB87BA9-9744-4A1B-8C9A-5A52465D46FC}.Release|Any CPU.ActiveCfg = Release|Any CPU
		{4EB87BA9-9744-4A1B-8C9A-5A52465D46FC}.Release|Any CPU.Build.0 = Release|Any CPU
		{7F2C4170-5E2A-4B6F-8408-545B368C3FC2}.Debug|Any CPU.ActiveCfg = Debug|Any CPU
		{7F2C4170-5E2A-4B6F-8408-545B368C3FC2}.Debug|Any CPU.Build.0 = Debug|Any CPU
		{7F2C4170-5E2A-4B6F-8408-545B368C3FC2}.Release|Any CPU.ActiveCfg = Release|Any CPU
		{7F2C4170-5E2A-4B6F-8408-545B368C3FC2}.Release|Any CPU.Build.0 = Release|Any CPU
		{1A4B9894-2979-425B-BBD9-C8EED9D8D734}.Debug|Any CPU.ActiveCfg = Debug|Any CPU
		{1A4B9894-2979-425B-BBD9-C8EED9D8D734}.Debug|Any CPU.Build.0 = Debug|Any CPU
		{1A4B9894-2979-425B-BBD9-C8EED9D8D734}.Release|Any CPU.ActiveCfg = Release|Any CPU
		{1A4B9894-2979-425B-BBD9-C8EED9D8D734}.Release|Any CPU.Build.0 = Release|Any CPU
		{B4164A86-E38F-4CDB-BA1A-27A90F7FE62C}.Debug|Any CPU.ActiveCfg = Debug|Any CPU
		{B4164A86-E38F-4CDB-BA1A-27A90F7FE62C}.Debug|Any CPU.Build.0 = Debug|Any CPU
		{B4164A86-E38F-4CDB-BA1A-27A90F7FE62C}.Release|Any CPU.ActiveCfg = Release|Any CPU
		{B4164A86-E38F-4CDB-BA1A-27A90F7FE62C}.Release|Any CPU.Build.0 = Release|Any CPU
		{4D2058F8-76EF-4913-ACEB-8CB809A7FB9C}.Debug|Any CPU.ActiveCfg = Debug|Any CPU
		{4D2058F8-76EF-4913-ACEB-8CB809A7FB9C}.Debug|Any CPU.Build.0 = Debug|Any CPU
		{4D2058F8-76EF-4913-ACEB-8CB809A7FB9C}.Release|Any CPU.ActiveCfg = Release|Any CPU
		{4D2058F8-76EF-4913-ACEB-8CB809A7FB9C}.Release|Any CPU.Build.0 = Release|Any CPU
		{FA81EE8E-8E28-4764-9031-2380CDC2EAA4}.Debug|Any CPU.ActiveCfg = Debug|Any CPU
		{FA81EE8E-8E28-4764-9031-2380CDC2EAA4}.Debug|Any CPU.Build.0 = Debug|Any CPU
		{FA81EE8E-8E28-4764-9031-2380CDC2EAA4}.Release|Any CPU.ActiveCfg = Release|Any CPU
		{FA81EE8E-8E28-4764-9031-2380CDC2EAA4}.Release|Any CPU.Build.0 = Release|Any CPU
		{290C6D8B-1397-4A9F-AFB4-1FE532E4EAEF}.Debug|Any CPU.ActiveCfg = Debug|Any CPU
		{290C6D8B-1397-4A9F-AFB4-1FE532E4EAEF}.Debug|Any CPU.Build.0 = Debug|Any CPU
		{290C6D8B-1397-4A9F-AFB4-1FE532E4EAEF}.Release|Any CPU.ActiveCfg = Release|Any CPU
		{290C6D8B-1397-4A9F-AFB4-1FE532E4EAEF}.Release|Any CPU.Build.0 = Release|Any CPU
		{5F7858E3-3232-414B-B058-CE6B05AEDCCA}.Debug|Any CPU.ActiveCfg = Debug|Any CPU
		{5F7858E3-3232-414B-B058-CE6B05AEDCCA}.Debug|Any CPU.Build.0 = Debug|Any CPU
		{5F7858E3-3232-414B-B058-CE6B05AEDCCA}.Release|Any CPU.ActiveCfg = Release|Any CPU
		{5F7858E3-3232-414B-B058-CE6B05AEDCCA}.Release|Any CPU.Build.0 = Release|Any CPU
		{60D03BE1-769D-45B6-A9F9-4BC1FA48E34E}.Debug|Any CPU.ActiveCfg = Debug|Any CPU
		{60D03BE1-769D-45B6-A9F9-4BC1FA48E34E}.Debug|Any CPU.Build.0 = Debug|Any CPU
		{60D03BE1-769D-45B6-A9F9-4BC1FA48E34E}.Release|Any CPU.ActiveCfg = Release|Any CPU
		{60D03BE1-769D-45B6-A9F9-4BC1FA48E34E}.Release|Any CPU.Build.0 = Release|Any CPU
		{0819391E-D8C2-4E05-AE0E-AD256943525A}.Debug|Any CPU.ActiveCfg = Debug|Any CPU
		{0819391E-D8C2-4E05-AE0E-AD256943525A}.Debug|Any CPU.Build.0 = Debug|Any CPU
		{0819391E-D8C2-4E05-AE0E-AD256943525A}.Release|Any CPU.ActiveCfg = Release|Any CPU
		{0819391E-D8C2-4E05-AE0E-AD256943525A}.Release|Any CPU.Build.0 = Release|Any CPU
		{837B9284-091E-4EA1-A87C-09A18036B997}.Debug|Any CPU.ActiveCfg = Debug|Any CPU
		{837B9284-091E-4EA1-A87C-09A18036B997}.Debug|Any CPU.Build.0 = Debug|Any CPU
		{837B9284-091E-4EA1-A87C-09A18036B997}.Release|Any CPU.ActiveCfg = Release|Any CPU
		{837B9284-091E-4EA1-A87C-09A18036B997}.Release|Any CPU.Build.0 = Release|Any CPU
		{7714C6B0-77AB-4C8E-8EF4-DD2834E1170E}.Debug|Any CPU.ActiveCfg = Debug|Any CPU
		{7714C6B0-77AB-4C8E-8EF4-DD2834E1170E}.Debug|Any CPU.Build.0 = Debug|Any CPU
		{7714C6B0-77AB-4C8E-8EF4-DD2834E1170E}.Release|Any CPU.ActiveCfg = Release|Any CPU
		{7714C6B0-77AB-4C8E-8EF4-DD2834E1170E}.Release|Any CPU.Build.0 = Release|Any CPU
		{F6E5E557-E9C3-4CB2-BF77-D6EF0955C7CB}.Debug|Any CPU.ActiveCfg = Debug|Any CPU
		{F6E5E557-E9C3-4CB2-BF77-D6EF0955C7CB}.Debug|Any CPU.Build.0 = Debug|Any CPU
		{F6E5E557-E9C3-4CB2-BF77-D6EF0955C7CB}.Release|Any CPU.ActiveCfg = Release|Any CPU
		{F6E5E557-E9C3-4CB2-BF77-D6EF0955C7CB}.Release|Any CPU.Build.0 = Release|Any CPU
		{3C9BA51B-A0B6-4053-891A-1F23B36D6311}.Debug|Any CPU.ActiveCfg = Debug|Any CPU
		{3C9BA51B-A0B6-4053-891A-1F23B36D6311}.Debug|Any CPU.Build.0 = Debug|Any CPU
		{3C9BA51B-A0B6-4053-891A-1F23B36D6311}.Release|Any CPU.ActiveCfg = Release|Any CPU
		{3C9BA51B-A0B6-4053-891A-1F23B36D6311}.Release|Any CPU.Build.0 = Release|Any CPU
		{D61A00C7-0025-491B-98F0-9A20009EDC20}.Debug|Any CPU.ActiveCfg = Debug|Any CPU
		{D61A00C7-0025-491B-98F0-9A20009EDC20}.Debug|Any CPU.Build.0 = Debug|Any CPU
		{D61A00C7-0025-491B-98F0-9A20009EDC20}.Release|Any CPU.ActiveCfg = Release|Any CPU
		{D61A00C7-0025-491B-98F0-9A20009EDC20}.Release|Any CPU.Build.0 = Release|Any CPU
		{B53B3292-9F1F-4123-AD44-7C81C0E486B9}.Debug|Any CPU.ActiveCfg = Debug|Any CPU
		{B53B3292-9F1F-4123-AD44-7C81C0E486B9}.Debug|Any CPU.Build.0 = Debug|Any CPU
		{B53B3292-9F1F-4123-AD44-7C81C0E486B9}.Release|Any CPU.ActiveCfg = Release|Any CPU
		{B53B3292-9F1F-4123-AD44-7C81C0E486B9}.Release|Any CPU.Build.0 = Release|Any CPU
		{3183F4C6-81B7-4EE2-BBF9-B52DB9A7169E}.Debug|Any CPU.ActiveCfg = Debug|Any CPU
		{3183F4C6-81B7-4EE2-BBF9-B52DB9A7169E}.Debug|Any CPU.Build.0 = Debug|Any CPU
		{3183F4C6-81B7-4EE2-BBF9-B52DB9A7169E}.Release|Any CPU.ActiveCfg = Release|Any CPU
		{3183F4C6-81B7-4EE2-BBF9-B52DB9A7169E}.Release|Any CPU.Build.0 = Release|Any CPU
		{FF5BB68B-3ED2-4AA0-AA0D-D7D67F3233AF}.Debug|Any CPU.ActiveCfg = Debug|Any CPU
		{FF5BB68B-3ED2-4AA0-AA0D-D7D67F3233AF}.Debug|Any CPU.Build.0 = Debug|Any CPU
		{FF5BB68B-3ED2-4AA0-AA0D-D7D67F3233AF}.Release|Any CPU.ActiveCfg = Release|Any CPU
		{FF5BB68B-3ED2-4AA0-AA0D-D7D67F3233AF}.Release|Any CPU.Build.0 = Release|Any CPU
		{BCBE50A5-73D9-4765-A9F4-093CE547AE56}.Debug|Any CPU.ActiveCfg = Debug|Any CPU
		{BCBE50A5-73D9-4765-A9F4-093CE547AE56}.Debug|Any CPU.Build.0 = Debug|Any CPU
		{BCBE50A5-73D9-4765-A9F4-093CE547AE56}.Release|Any CPU.ActiveCfg = Release|Any CPU
		{BCBE50A5-73D9-4765-A9F4-093CE547AE56}.Release|Any CPU.Build.0 = Release|Any CPU
		{7A428D4B-FBBF-4DC1-9761-A8E95F2A54E0}.Debug|Any CPU.ActiveCfg = Debug|Any CPU
		{7A428D4B-FBBF-4DC1-9761-A8E95F2A54E0}.Debug|Any CPU.Build.0 = Debug|Any CPU
		{7A428D4B-FBBF-4DC1-9761-A8E95F2A54E0}.Release|Any CPU.ActiveCfg = Release|Any CPU
		{7A428D4B-FBBF-4DC1-9761-A8E95F2A54E0}.Release|Any CPU.Build.0 = Release|Any CPU
		{1CD011DE-9447-4264-A37F-6DCA84480621}.Debug|Any CPU.ActiveCfg = Debug|Any CPU
		{1CD011DE-9447-4264-A37F-6DCA84480621}.Debug|Any CPU.Build.0 = Debug|Any CPU
		{1CD011DE-9447-4264-A37F-6DCA84480621}.Release|Any CPU.ActiveCfg = Release|Any CPU
		{1CD011DE-9447-4264-A37F-6DCA84480621}.Release|Any CPU.Build.0 = Release|Any CPU
		{5A0EEEA0-02B4-431D-9519-4DA6E50526C4}.Debug|Any CPU.ActiveCfg = Debug|Any CPU
		{5A0EEEA0-02B4-431D-9519-4DA6E50526C4}.Debug|Any CPU.Build.0 = Debug|Any CPU
		{5A0EEEA0-02B4-431D-9519-4DA6E50526C4}.Release|Any CPU.ActiveCfg = Release|Any CPU
		{5A0EEEA0-02B4-431D-9519-4DA6E50526C4}.Release|Any CPU.Build.0 = Release|Any CPU
		{69BD99A7-D0E4-4EE8-AC14-196029AAFEAB}.Debug|Any CPU.ActiveCfg = Debug|Any CPU
		{69BD99A7-D0E4-4EE8-AC14-196029AAFEAB}.Debug|Any CPU.Build.0 = Debug|Any CPU
		{69BD99A7-D0E4-4EE8-AC14-196029AAFEAB}.Release|Any CPU.ActiveCfg = Release|Any CPU
		{69BD99A7-D0E4-4EE8-AC14-196029AAFEAB}.Release|Any CPU.Build.0 = Release|Any CPU
		{698ACC2B-85B7-4C3C-AD3E-795A92D554F0}.Debug|Any CPU.ActiveCfg = Debug|Any CPU
		{698ACC2B-85B7-4C3C-AD3E-795A92D554F0}.Debug|Any CPU.Build.0 = Debug|Any CPU
		{698ACC2B-85B7-4C3C-AD3E-795A92D554F0}.Release|Any CPU.ActiveCfg = Release|Any CPU
		{698ACC2B-85B7-4C3C-AD3E-795A92D554F0}.Release|Any CPU.Build.0 = Release|Any CPU
		{9B8E4652-9EE5-4DD9-94F8-C4B7B76FCFB7}.Debug|Any CPU.ActiveCfg = Debug|Any CPU
		{9B8E4652-9EE5-4DD9-94F8-C4B7B76FCFB7}.Debug|Any CPU.Build.0 = Debug|Any CPU
		{9B8E4652-9EE5-4DD9-94F8-C4B7B76FCFB7}.Release|Any CPU.ActiveCfg = Release|Any CPU
		{9B8E4652-9EE5-4DD9-94F8-C4B7B76FCFB7}.Release|Any CPU.Build.0 = Release|Any CPU
		{98EA09A2-8990-4CB4-A3BB-BAC8F4200F97}.Debug|Any CPU.ActiveCfg = Debug|Any CPU
		{98EA09A2-8990-4CB4-A3BB-BAC8F4200F97}.Debug|Any CPU.Build.0 = Debug|Any CPU
		{98EA09A2-8990-4CB4-A3BB-BAC8F4200F97}.Release|Any CPU.ActiveCfg = Release|Any CPU
		{98EA09A2-8990-4CB4-A3BB-BAC8F4200F97}.Release|Any CPU.Build.0 = Release|Any CPU
		{AF039B31-B108-4BFC-BB68-CF2A24797257}.Debug|Any CPU.ActiveCfg = Debug|Any CPU
		{AF039B31-B108-4BFC-BB68-CF2A24797257}.Debug|Any CPU.Build.0 = Debug|Any CPU
		{AF039B31-B108-4BFC-BB68-CF2A24797257}.Release|Any CPU.ActiveCfg = Release|Any CPU
		{AF039B31-B108-4BFC-BB68-CF2A24797257}.Release|Any CPU.Build.0 = Release|Any CPU
		{2A123647-37B6-43CB-9625-57F08BFFA335}.Debug|Any CPU.ActiveCfg = Debug|Any CPU
		{2A123647-37B6-43CB-9625-57F08BFFA335}.Debug|Any CPU.Build.0 = Debug|Any CPU
		{2A123647-37B6-43CB-9625-57F08BFFA335}.Release|Any CPU.ActiveCfg = Release|Any CPU
		{2A123647-37B6-43CB-9625-57F08BFFA335}.Release|Any CPU.Build.0 = Release|Any CPU
		{43FF404B-B722-48FA-AA7F-287C53256A63}.Debug|Any CPU.ActiveCfg = Debug|Any CPU
		{43FF404B-B722-48FA-AA7F-287C53256A63}.Debug|Any CPU.Build.0 = Debug|Any CPU
		{43FF404B-B722-48FA-AA7F-287C53256A63}.Release|Any CPU.ActiveCfg = Release|Any CPU
		{43FF404B-B722-48FA-AA7F-287C53256A63}.Release|Any CPU.Build.0 = Release|Any CPU
		{FF35C60A-1D8C-43A6-B166-C612446A08E1}.Debug|Any CPU.ActiveCfg = Debug|Any CPU
		{FF35C60A-1D8C-43A6-B166-C612446A08E1}.Debug|Any CPU.Build.0 = Debug|Any CPU
		{FF35C60A-1D8C-43A6-B166-C612446A08E1}.Release|Any CPU.ActiveCfg = Release|Any CPU
		{FF35C60A-1D8C-43A6-B166-C612446A08E1}.Release|Any CPU.Build.0 = Release|Any CPU
		{4C8B9C9F-8646-4DDF-88AE-030A03325D73}.Debug|Any CPU.ActiveCfg = Debug|Any CPU
		{4C8B9C9F-8646-4DDF-88AE-030A03325D73}.Debug|Any CPU.Build.0 = Debug|Any CPU
		{4C8B9C9F-8646-4DDF-88AE-030A03325D73}.Release|Any CPU.ActiveCfg = Release|Any CPU
		{4C8B9C9F-8646-4DDF-88AE-030A03325D73}.Release|Any CPU.Build.0 = Release|Any CPU
		{6EB39463-E17F-40E7-B5B6-3CAF6A85AC7E}.Debug|Any CPU.ActiveCfg = Debug|Any CPU
		{6EB39463-E17F-40E7-B5B6-3CAF6A85AC7E}.Debug|Any CPU.Build.0 = Debug|Any CPU
		{6EB39463-E17F-40E7-B5B6-3CAF6A85AC7E}.Release|Any CPU.ActiveCfg = Release|Any CPU
		{6EB39463-E17F-40E7-B5B6-3CAF6A85AC7E}.Release|Any CPU.Build.0 = Release|Any CPU
		{E7472F6F-FD43-4F79-B13B-E9FE4119932F}.Debug|Any CPU.ActiveCfg = Debug|Any CPU
		{E7472F6F-FD43-4F79-B13B-E9FE4119932F}.Debug|Any CPU.Build.0 = Debug|Any CPU
		{E7472F6F-FD43-4F79-B13B-E9FE4119932F}.Release|Any CPU.ActiveCfg = Release|Any CPU
		{E7472F6F-FD43-4F79-B13B-E9FE4119932F}.Release|Any CPU.Build.0 = Release|Any CPU
		{F33BE922-056F-4D9F-9B28-2616123311F1}.Debug|Any CPU.ActiveCfg = Debug|Any CPU
		{F33BE922-056F-4D9F-9B28-2616123311F1}.Debug|Any CPU.Build.0 = Debug|Any CPU
		{F33BE922-056F-4D9F-9B28-2616123311F1}.Release|Any CPU.ActiveCfg = Release|Any CPU
		{F33BE922-056F-4D9F-9B28-2616123311F1}.Release|Any CPU.Build.0 = Release|Any CPU
		{301D7F2C-9CD9-4815-893E-016C171DEF10}.Debug|Any CPU.ActiveCfg = Debug|Any CPU
		{301D7F2C-9CD9-4815-893E-016C171DEF10}.Debug|Any CPU.Build.0 = Debug|Any CPU
		{301D7F2C-9CD9-4815-893E-016C171DEF10}.Release|Any CPU.ActiveCfg = Release|Any CPU
		{301D7F2C-9CD9-4815-893E-016C171DEF10}.Release|Any CPU.Build.0 = Release|Any CPU
		{1659AD85-452C-4AC8-81A8-228A6956D564}.Debug|Any CPU.ActiveCfg = Debug|Any CPU
		{1659AD85-452C-4AC8-81A8-228A6956D564}.Debug|Any CPU.Build.0 = Debug|Any CPU
		{1659AD85-452C-4AC8-81A8-228A6956D564}.Release|Any CPU.ActiveCfg = Release|Any CPU
		{1659AD85-452C-4AC8-81A8-228A6956D564}.Release|Any CPU.Build.0 = Release|Any CPU
		{4C6F41DB-D3CB-44B5-B9C2-112A59B06334}.Debug|Any CPU.ActiveCfg = Debug|Any CPU
		{4C6F41DB-D3CB-44B5-B9C2-112A59B06334}.Debug|Any CPU.Build.0 = Debug|Any CPU
		{4C6F41DB-D3CB-44B5-B9C2-112A59B06334}.Release|Any CPU.ActiveCfg = Release|Any CPU
		{4C6F41DB-D3CB-44B5-B9C2-112A59B06334}.Release|Any CPU.Build.0 = Release|Any CPU
		{B81525AC-D9F6-4E63-BDAF-6CACE7763B9D}.Debug|Any CPU.ActiveCfg = Debug|Any CPU
		{B81525AC-D9F6-4E63-BDAF-6CACE7763B9D}.Debug|Any CPU.Build.0 = Debug|Any CPU
		{B81525AC-D9F6-4E63-BDAF-6CACE7763B9D}.Release|Any CPU.ActiveCfg = Release|Any CPU
		{B81525AC-D9F6-4E63-BDAF-6CACE7763B9D}.Release|Any CPU.Build.0 = Release|Any CPU
		{7A68DE1E-4FED-4D38-B639-25F40305FED9}.Debug|Any CPU.ActiveCfg = Debug|Any CPU
		{7A68DE1E-4FED-4D38-B639-25F40305FED9}.Debug|Any CPU.Build.0 = Debug|Any CPU
		{7A68DE1E-4FED-4D38-B639-25F40305FED9}.Release|Any CPU.ActiveCfg = Release|Any CPU
		{7A68DE1E-4FED-4D38-B639-25F40305FED9}.Release|Any CPU.Build.0 = Release|Any CPU
		{34CBC64C-909C-424E-A10A-74124529C887}.Debug|Any CPU.ActiveCfg = Debug|Any CPU
		{34CBC64C-909C-424E-A10A-74124529C887}.Debug|Any CPU.Build.0 = Debug|Any CPU
		{34CBC64C-909C-424E-A10A-74124529C887}.Release|Any CPU.ActiveCfg = Release|Any CPU
		{34CBC64C-909C-424E-A10A-74124529C887}.Release|Any CPU.Build.0 = Release|Any CPU
		{88552225-85A2-4ECA-AD9C-44029BD3C190}.Debug|Any CPU.ActiveCfg = Debug|Any CPU
		{88552225-85A2-4ECA-AD9C-44029BD3C190}.Debug|Any CPU.Build.0 = Debug|Any CPU
		{88552225-85A2-4ECA-AD9C-44029BD3C190}.Release|Any CPU.ActiveCfg = Release|Any CPU
		{88552225-85A2-4ECA-AD9C-44029BD3C190}.Release|Any CPU.Build.0 = Release|Any CPU
		{6AF93ACE-D31B-432B-9700-9D6864242FC7}.Debug|Any CPU.ActiveCfg = Debug|Any CPU
		{6AF93ACE-D31B-432B-9700-9D6864242FC7}.Debug|Any CPU.Build.0 = Debug|Any CPU
		{6AF93ACE-D31B-432B-9700-9D6864242FC7}.Release|Any CPU.ActiveCfg = Release|Any CPU
		{6AF93ACE-D31B-432B-9700-9D6864242FC7}.Release|Any CPU.Build.0 = Release|Any CPU
	EndGlobalSection
	GlobalSection(SolutionProperties) = preSolution
		HideSolutionNode = FALSE
	EndGlobalSection
EndGlobal
