
Microsoft Visual Studio Solution File, Format Version 12.00
# Visual Studio 14
VisualStudioVersion = 14.0.23107.0
MinimumVisualStudioVersion = 10.0.40219.1
Project("{FAE04EC0-301F-11D3-BF4B-00C04F79EFBC}") = "WebApiDemo", "WebApiDemo\WebApiDemo.csproj", "{8DB5F52E-66B0-42A1-BE9F-5A05BF527BBF}"
EndProject
Global
	GlobalSection(SolutionConfigurationPlatforms) = preSolution
		Debug|Any CPU = Debug|Any CPU
		Release|Any CPU = Release|Any CPU
	EndGlobalSection
	GlobalSection(ProjectConfigurationPlatforms) = postSolution
		{8DB5F52E-66B0-42A1-BE9F-5A05BF527BBF}.Debug|Any CPU.ActiveCfg = Debug|Any CPU
		{8DB5F52E-66B0-42A1-BE9F-5A05BF527BBF}.Debug|Any CPU.Build.0 = Debug|Any CPU
		{8DB5F52E-66B0-42A1-BE9F-5A05BF527BBF}.Release|Any CPU.ActiveCfg = Release|Any CPU
		{8DB5F52E-66B0-42A1-BE9F-5A05BF527BBF}.Release|Any CPU.Build.0 = Release|Any CPU
	EndGlobalSection
	GlobalSection(SolutionProperties) = preSolution
		HideSolutionNode = FALSE
	EndGlobalSection
EndGlobal
